// !$*UTF8*$!
{
	archiveVersion = 1;
	classes = {
	};
	objectVersion = 46;
	objects = {

/* Begin PBXBuildFile section */
		562901FE13A10C0800C92BB7 /* GRMustacheSpec_v1_0_Test.m in Sources */ = {isa = PBXBuildFile; fileRef = 562901FD13A10C0800C92BB7 /* GRMustacheSpec_v1_0_Test.m */; };
		5629020213A10C3C00C92BB7 /* GRMustacheTestSuite_v1_4_Test.m in Sources */ = {isa = PBXBuildFile; fileRef = 5629020113A10C3C00C92BB7 /* GRMustacheTestSuite_v1_4_Test.m */; };
		5629021013A10CA400C92BB7 /* GSNSDataExtensions.m in Sources */ = {isa = PBXBuildFile; fileRef = 5629020513A10CA400C92BB7 /* GSNSDataExtensions.m */; };
		5629021113A10CA400C92BB7 /* libsyck.a in Frameworks */ = {isa = PBXBuildFile; fileRef = 5629020613A10CA400C92BB7 /* libsyck.a */; };
		5629021213A10CA400C92BB7 /* SyckInput.m in Sources */ = {isa = PBXBuildFile; fileRef = 5629020913A10CA400C92BB7 /* SyckInput.m */; };
		5629021313A10CA400C92BB7 /* YAMLCategories.m in Sources */ = {isa = PBXBuildFile; fileRef = 5629020C13A10CA400C92BB7 /* YAMLCategories.m */; };
		5629021413A10CA400C92BB7 /* YAMLCocoaCategories.m in Sources */ = {isa = PBXBuildFile; fileRef = 5629020E13A10CA400C92BB7 /* YAMLCocoaCategories.m */; };
		5629021613A10D0C00C92BB7 /* Foundation.framework in Frameworks */ = {isa = PBXBuildFile; fileRef = 5629021513A10D0C00C92BB7 /* Foundation.framework */; };
		5629021813A10D2100C92BB7 /* CoreData.framework in Frameworks */ = {isa = PBXBuildFile; fileRef = 5629021713A10D2100C92BB7 /* CoreData.framework */; };
		5629022013A10D6F00C92BB7 /* Cocoa.framework in Frameworks */ = {isa = PBXBuildFile; fileRef = 5629021F13A10D6F00C92BB7 /* Cocoa.framework */; };
		563BF6C614403C47005A4F58 /* JRSwizzle.m in Sources */ = {isa = PBXBuildFile; fileRef = 563BF6C414403C47005A4F58 /* JRSwizzle.m */; };
		563BF6C714403C47005A4F58 /* JRSwizzle.h in Headers */ = {isa = PBXBuildFile; fileRef = 563BF6C514403C47005A4F58 /* JRSwizzle.h */; };
		563BF6CA14403D06005A4F58 /* GRMustacheProperty_private.h in Headers */ = {isa = PBXBuildFile; fileRef = 563BF6C814403D06005A4F58 /* GRMustacheProperty_private.h */; };
		563BF6CB14403D06005A4F58 /* GRMustacheProperty.m in Sources */ = {isa = PBXBuildFile; fileRef = 563BF6C914403D06005A4F58 /* GRMustacheProperty.m */; };
		563BF6CE14403FE1005A4F58 /* GRMustacheNSUndefinedKeyExceptionGuard_private.h in Headers */ = {isa = PBXBuildFile; fileRef = 563BF6CC14403FE1005A4F58 /* GRMustacheNSUndefinedKeyExceptionGuard_private.h */; };
		563BF6CF14403FE1005A4F58 /* GRMustacheNSUndefinedKeyExceptionGuard.m in Sources */ = {isa = PBXBuildFile; fileRef = 563BF6CD14403FE1005A4F58 /* GRMustacheNSUndefinedKeyExceptionGuard.m */; };
		563BF72A1440696B005A4F58 /* GRMustachePrivateAPITest.m in Sources */ = {isa = PBXBuildFile; fileRef = 563BF7291440696B005A4F58 /* GRMustachePrivateAPITest.m */; };
		563BF73B1440847D005A4F58 /* core in Resources */ = {isa = PBXBuildFile; fileRef = 563BF7361440847D005A4F58 /* core */; };
		563BF73F1440847D005A4F58 /* file_system in Resources */ = {isa = PBXBuildFile; fileRef = 563BF73A1440847D005A4F58 /* file_system */; };
		563BF7421440851E005A4F58 /* GRMustacheTestSuite_v1_0_Test.m in Sources */ = {isa = PBXBuildFile; fileRef = 563BF7411440851C005A4F58 /* GRMustacheTestSuite_v1_0_Test.m */; };
		563BF744144085A5005A4F58 /* handlebars in Resources */ = {isa = PBXBuildFile; fileRef = 563BF743144085A5005A4F58 /* handlebars */; };
		563BF74614408BCC005A4F58 /* dotted_names in Resources */ = {isa = PBXBuildFile; fileRef = 563BF74514408BCC005A4F58 /* dotted_names */; };
		563BF74A14408C21005A4F58 /* GRMustacheTestSuite_v1_8_Test.m in Sources */ = {isa = PBXBuildFile; fileRef = 563BF74914408C21005A4F58 /* GRMustacheTestSuite_v1_8_Test.m */; };
		563BF74D1440A381005A4F58 /* GRMustacheDefaultTemplateOptionsTest.m in Sources */ = {isa = PBXBuildFile; fileRef = 563BF74C1440A380005A4F58 /* GRMustacheDefaultTemplateOptionsTest.m */; };
		5643505614EC42C200D7C00D /* GRMustacheInvocation_private.h in Headers */ = {isa = PBXBuildFile; fileRef = 5643505414EC42C200D7C00D /* GRMustacheInvocation_private.h */; };
		5643505714EC42C200D7C00D /* GRMustacheInvocation.m in Sources */ = {isa = PBXBuildFile; fileRef = 5643505514EC42C200D7C00D /* GRMustacheInvocation.m */; };
		5651A82413B5B2CE0035E783 /* GRMustacheEnvironment.h in Headers */ = {isa = PBXBuildFile; fileRef = 5651A82313B5B2CE0035E783 /* GRMustacheEnvironment.h */; settings = {ATTRIBUTES = (Public, ); }; };
		565F6931139FF017004D1894 /* libGRMustache1.a in Frameworks */ = {isa = PBXBuildFile; fileRef = 565F691C139FF016004D1894 /* libGRMustache1.a */; };
		565F6978139FF062004D1894 /* GRBoolean.h in Headers */ = {isa = PBXBuildFile; fileRef = 565F694C139FF062004D1894 /* GRBoolean.h */; settings = {ATTRIBUTES = (Public, ); }; };
		565F6979139FF062004D1894 /* GRBoolean.m in Sources */ = {isa = PBXBuildFile; fileRef = 565F694D139FF062004D1894 /* GRBoolean.m */; };
		565F697A139FF062004D1894 /* GRMustache.h in Headers */ = {isa = PBXBuildFile; fileRef = 565F694E139FF062004D1894 /* GRMustache.h */; settings = {ATTRIBUTES = (Public, ); }; };
		565F697B139FF062004D1894 /* GRMustache.m in Sources */ = {isa = PBXBuildFile; fileRef = 565F694F139FF062004D1894 /* GRMustache.m */; };
		565F697C139FF062004D1894 /* GRMustache_private.h in Headers */ = {isa = PBXBuildFile; fileRef = 565F6950139FF062004D1894 /* GRMustache_private.h */; };
		565F6981139FF062004D1894 /* GRMustacheContext.h in Headers */ = {isa = PBXBuildFile; fileRef = 565F6955139FF062004D1894 /* GRMustacheContext.h */; settings = {ATTRIBUTES = (Public, ); }; };
		565F6982139FF062004D1894 /* GRMustacheContext.m in Sources */ = {isa = PBXBuildFile; fileRef = 565F6956139FF062004D1894 /* GRMustacheContext.m */; };
		565F6983139FF062004D1894 /* GRMustacheContext_private.h in Headers */ = {isa = PBXBuildFile; fileRef = 565F6957139FF062004D1894 /* GRMustacheContext_private.h */; };
		565F6986139FF062004D1894 /* GRMustacheError.h in Headers */ = {isa = PBXBuildFile; fileRef = 565F695A139FF062004D1894 /* GRMustacheError.h */; settings = {ATTRIBUTES = (Public, ); }; };
		565F6987139FF062004D1894 /* GRMustacheError.m in Sources */ = {isa = PBXBuildFile; fileRef = 565F695B139FF062004D1894 /* GRMustacheError.m */; };
		565F6988139FF062004D1894 /* GRMustacheLambda.h in Headers */ = {isa = PBXBuildFile; fileRef = 565F695C139FF062004D1894 /* GRMustacheLambda.h */; settings = {ATTRIBUTES = (Public, ); }; };
		565F6989139FF062004D1894 /* GRMustacheLambda.m in Sources */ = {isa = PBXBuildFile; fileRef = 565F695D139FF062004D1894 /* GRMustacheLambda.m */; };
		565F698A139FF062004D1894 /* GRMustacheLambda_private.h in Headers */ = {isa = PBXBuildFile; fileRef = 565F695E139FF062004D1894 /* GRMustacheLambda_private.h */; };
		565F698D139FF062004D1894 /* GRMustacheRendering_private.h in Headers */ = {isa = PBXBuildFile; fileRef = 565F6961139FF062004D1894 /* GRMustacheRendering_private.h */; };
		565F698E139FF062004D1894 /* GRMustacheSection.h in Headers */ = {isa = PBXBuildFile; fileRef = 565F6962139FF062004D1894 /* GRMustacheSection.h */; settings = {ATTRIBUTES = (Public, ); }; };
		565F698F139FF062004D1894 /* GRMustacheSection.m in Sources */ = {isa = PBXBuildFile; fileRef = 565F6963139FF062004D1894 /* GRMustacheSection.m */; };
		565F6990139FF062004D1894 /* GRMustacheSection_private.h in Headers */ = {isa = PBXBuildFile; fileRef = 565F6964139FF062004D1894 /* GRMustacheSection_private.h */; };
		565F6991139FF062004D1894 /* GRMustacheTemplate.h in Headers */ = {isa = PBXBuildFile; fileRef = 565F6965139FF062004D1894 /* GRMustacheTemplate.h */; settings = {ATTRIBUTES = (Public, ); }; };
		565F6992139FF062004D1894 /* GRMustacheTemplate.m in Sources */ = {isa = PBXBuildFile; fileRef = 565F6966139FF062004D1894 /* GRMustacheTemplate.m */; };
		565F6993139FF062004D1894 /* GRMustacheTemplate_private.h in Headers */ = {isa = PBXBuildFile; fileRef = 565F6967139FF062004D1894 /* GRMustacheTemplate_private.h */; };
		565F6994139FF062004D1894 /* GRMustacheTemplateLoader.h in Headers */ = {isa = PBXBuildFile; fileRef = 565F6968139FF062004D1894 /* GRMustacheTemplateLoader.h */; settings = {ATTRIBUTES = (Public, ); }; };
		565F6995139FF062004D1894 /* GRMustacheTemplateLoader.m in Sources */ = {isa = PBXBuildFile; fileRef = 565F6969139FF062004D1894 /* GRMustacheTemplateLoader.m */; };
		565F6997139FF062004D1894 /* GRMustacheTemplateLoader_protected.h in Headers */ = {isa = PBXBuildFile; fileRef = 565F696B139FF062004D1894 /* GRMustacheTemplateLoader_protected.h */; settings = {ATTRIBUTES = (Public, ); }; };
		565F6998139FF062004D1894 /* GRMustacheTemplateParser.m in Sources */ = {isa = PBXBuildFile; fileRef = 565F696C139FF062004D1894 /* GRMustacheTemplateParser.m */; };
		565F6999139FF062004D1894 /* GRMustacheTemplateParser_private.h in Headers */ = {isa = PBXBuildFile; fileRef = 565F696D139FF062004D1894 /* GRMustacheTemplateParser_private.h */; };
		565F699A139FF062004D1894 /* GRMustacheTextElement.m in Sources */ = {isa = PBXBuildFile; fileRef = 565F696E139FF062004D1894 /* GRMustacheTextElement.m */; };
		565F699B139FF062004D1894 /* GRMustacheTextElement_private.h in Headers */ = {isa = PBXBuildFile; fileRef = 565F696F139FF062004D1894 /* GRMustacheTextElement_private.h */; };
		565F699C139FF062004D1894 /* GRMustacheToken.m in Sources */ = {isa = PBXBuildFile; fileRef = 565F6970139FF062004D1894 /* GRMustacheToken.m */; };
		565F699D139FF062004D1894 /* GRMustacheToken_private.h in Headers */ = {isa = PBXBuildFile; fileRef = 565F6971139FF062004D1894 /* GRMustacheToken_private.h */; };
		565F699E139FF062004D1894 /* GRMustacheTokenizer.m in Sources */ = {isa = PBXBuildFile; fileRef = 565F6972139FF062004D1894 /* GRMustacheTokenizer.m */; };
		565F699F139FF062004D1894 /* GRMustacheTokenizer_private.h in Headers */ = {isa = PBXBuildFile; fileRef = 565F6973139FF062004D1894 /* GRMustacheTokenizer_private.h */; };
		565F69A0139FF062004D1894 /* GRMustacheVariableElement.m in Sources */ = {isa = PBXBuildFile; fileRef = 565F6974139FF062004D1894 /* GRMustacheVariableElement.m */; };
		565F69A1139FF062004D1894 /* GRMustacheVariableElement_private.h in Headers */ = {isa = PBXBuildFile; fileRef = 565F6975139FF062004D1894 /* GRMustacheVariableElement_private.h */; };
		565F69A2139FF062004D1894 /* GRMustacheVersion.h in Headers */ = {isa = PBXBuildFile; fileRef = 565F6976139FF062004D1894 /* GRMustacheVersion.h */; settings = {ATTRIBUTES = (Public, ); }; };
		565F6B66139FF13B004D1894 /* GRMustachePublicAPITest.m in Sources */ = {isa = PBXBuildFile; fileRef = 565F6AB7139FF13B004D1894 /* GRMustachePublicAPITest.m */; };
		565F6B67139FF13B004D1894 /* GRMustacheTestBase.m in Sources */ = {isa = PBXBuildFile; fileRef = 565F6AB9139FF13B004D1894 /* GRMustacheTestBase.m */; };
		565F6BA8139FF13B004D1894 /* GRBooleanTest.m in Sources */ = {isa = PBXBuildFile; fileRef = 565F6B1D139FF13B004D1894 /* GRBooleanTest.m */; };
		565F6BA9139FF13B004D1894 /* GRMustacheContextTest.m in Sources */ = {isa = PBXBuildFile; fileRef = 565F6B1F139FF13B004D1894 /* GRMustacheContextTest.m */; };
		565F6BAA139FF13B004D1894 /* GRMustacheTokenizerTest.m in Sources */ = {isa = PBXBuildFile; fileRef = 565F6B21139FF13B004D1894 /* GRMustacheTokenizerTest.m */; };
		565F6BAB139FF13B004D1894 /* complex_view.mustache in Resources */ = {isa = PBXBuildFile; fileRef = 565F6B23139FF13B004D1894 /* complex_view.mustache */; };
		565F6BAC139FF13B004D1894 /* crazy_recursive.mustache in Resources */ = {isa = PBXBuildFile; fileRef = 565F6B24139FF13B004D1894 /* crazy_recursive.mustache */; };
		565F6BAD139FF13B004D1894 /* inner_partial.mustache in Resources */ = {isa = PBXBuildFile; fileRef = 565F6B25139FF13B004D1894 /* inner_partial.mustache */; };
		565F6BAE139FF13B004D1894 /* inner_partial.txt in Resources */ = {isa = PBXBuildFile; fileRef = 565F6B26139FF13B004D1894 /* inner_partial.txt */; };
		565F6BAF139FF13B004D1894 /* lambda.mustache in Resources */ = {isa = PBXBuildFile; fileRef = 565F6B27139FF13B004D1894 /* lambda.mustache */; };
		565F6BB0139FF13B004D1894 /* namespaced.mustache in Resources */ = {isa = PBXBuildFile; fileRef = 565F6B28139FF13B004D1894 /* namespaced.mustache */; };
		565F6BB1139FF13B004D1894 /* nested_objects.mustache in Resources */ = {isa = PBXBuildFile; fileRef = 565F6B29139FF13B004D1894 /* nested_objects.mustache */; };
		565F6BB2139FF13B004D1894 /* node.mustache in Resources */ = {isa = PBXBuildFile; fileRef = 565F6B2A139FF13B004D1894 /* node.mustache */; };
		565F6BB3139FF13B004D1894 /* partial_with_module.mustache in Resources */ = {isa = PBXBuildFile; fileRef = 565F6B2B139FF13B004D1894 /* partial_with_module.mustache */; };
		565F6BB4139FF13B004D1894 /* passenger.conf in Resources */ = {isa = PBXBuildFile; fileRef = 565F6B2C139FF13B004D1894 /* passenger.conf */; };
		565F6BB5139FF13B004D1894 /* recursive.mustache in Resources */ = {isa = PBXBuildFile; fileRef = 565F6B2D139FF13B004D1894 /* recursive.mustache */; };
		565F6BB6139FF13B004D1894 /* template_partial.mustache in Resources */ = {isa = PBXBuildFile; fileRef = 565F6B2E139FF13B004D1894 /* template_partial.mustache */; };
		565F6BB7139FF13B004D1894 /* template_partial.txt in Resources */ = {isa = PBXBuildFile; fileRef = 565F6B2F139FF13B004D1894 /* template_partial.txt */; };
		565F6BB8139FF13B004D1894 /* utf8.mustache in Resources */ = {isa = PBXBuildFile; fileRef = 565F6B30139FF13B004D1894 /* utf8.mustache */; };
		565F6BB9139FF13B004D1894 /* utf8_partial.mustache in Resources */ = {isa = PBXBuildFile; fileRef = 565F6B31139FF13B004D1894 /* utf8_partial.mustache */; };
		565F6BBF139FF13B004D1894 /* GRBoolean_v1_0_Test.m in Sources */ = {isa = PBXBuildFile; fileRef = 565F6B41139FF13B004D1894 /* GRBoolean_v1_0_Test.m */; };
		565F6BC0139FF13B004D1894 /* GRDotKeyTest.m in Sources */ = {isa = PBXBuildFile; fileRef = 565F6B43139FF13B004D1894 /* GRDotKeyTest.m */; };
		565F6BC1139FF13B004D1894 /* GRMustacheLambdaMakeTest.m in Sources */ = {isa = PBXBuildFile; fileRef = 565F6B45139FF13B004D1894 /* GRMustacheLambdaMakeTest.m */; };
		565F6BC3139FF13B004D1894 /* GRMustacheTemplate_v1_0_Test.m in Sources */ = {isa = PBXBuildFile; fileRef = 565F6B49139FF13B004D1894 /* GRMustacheTemplate_v1_0_Test.m */; };
		565F6BC4139FF13B004D1894 /* GRMustacheTemplateLoaderSubclassTest.m in Sources */ = {isa = PBXBuildFile; fileRef = 565F6B4B139FF13B004D1894 /* GRMustacheTemplateLoaderSubclassTest.m */; };
		565F6BC5139FF13B004D1894 /* GRPartialTest.m in Sources */ = {isa = PBXBuildFile; fileRef = 565F6B4D139FF13B004D1894 /* GRPartialTest.m */; };
		565F6BC6139FF13B004D1894 /* GRBoolean_v1_1_Test.m in Sources */ = {isa = PBXBuildFile; fileRef = 565F6B50139FF13B004D1894 /* GRBoolean_v1_1_Test.m */; };
		565F6BC7139FF13B004D1894 /* GRMustacheLambdaBlockMakeTest.m in Sources */ = {isa = PBXBuildFile; fileRef = 565F6B53139FF13B004D1894 /* GRMustacheLambdaBlockMakeTest.m */; };
		565F6BC8139FF13B004D1894 /* GRMustacheSelectorHelper_v1_3_Test.m in Sources */ = {isa = PBXBuildFile; fileRef = 565F6B55139FF13B004D1894 /* GRMustacheSelectorHelper_v1_3_Test.m */; };
		565F6BCA139FF13B004D1894 /* GRMustacheTemplate_v1_4_Test.m in Sources */ = {isa = PBXBuildFile; fileRef = 565F6B5A139FF13B004D1894 /* GRMustacheTemplate_v1_4_Test.m */; };
		565F6BCB139FF13B004D1894 /* GRMustacheBlockHelperTest.m in Sources */ = {isa = PBXBuildFile; fileRef = 565F6B5D139FF13B004D1894 /* GRMustacheBlockHelperTest.m */; };
		565F6BCC139FF13B004D1894 /* GRMustacheSelectorHelper_v1_5_Test.m in Sources */ = {isa = PBXBuildFile; fileRef = 565F6B5F139FF13B004D1894 /* GRMustacheSelectorHelper_v1_5_Test.m */; };
		5663FC421441779400B60CEA /* GRMustacheAvailabilityMacros.h in Headers */ = {isa = PBXBuildFile; fileRef = 5663FC411441779400B60CEA /* GRMustacheAvailabilityMacros.h */; settings = {ATTRIBUTES = (Public, ); }; };
		5672484213E020C60043E2FA /* syntax_error.conf in Resources */ = {isa = PBXBuildFile; fileRef = 5672484113E020C60043E2FA /* syntax_error.conf */; };
		5672484913E02F0B0043E2FA /* GRMustacheTemplate_v1_7_Test.m in Sources */ = {isa = PBXBuildFile; fileRef = 5672484813E02F0B0043E2FA /* GRMustacheTemplate_v1_7_Test.m */; };
		5672484E13E02F430043E2FA /* GRManagedObjectTest.m in Sources */ = {isa = PBXBuildFile; fileRef = 5672484B13E02F430043E2FA /* GRManagedObjectTest.m */; };
		5672484F13E02F430043E2FA /* Model.xcdatamodeld in Sources */ = {isa = PBXBuildFile; fileRef = 5672484C13E02F430043E2FA /* Model.xcdatamodeld */; };
		5679E07914F632120052A1ED /* GRMustacheAvailabilityMacros_private.h in Headers */ = {isa = PBXBuildFile; fileRef = 5679E07714F631FF0052A1ED /* GRMustacheAvailabilityMacros_private.h */; };
		5679E08414F63CFF0052A1ED /* GRMustacheTemplateFromMethodsTest.m in Sources */ = {isa = PBXBuildFile; fileRef = 5679E08314F63CFF0052A1ED /* GRMustacheTemplateFromMethodsTest.m */; };
		5679E08614F640460052A1ED /* foo_bar.mustache in Resources */ = {isa = PBXBuildFile; fileRef = 5679E08514F640460052A1ED /* foo_bar.mustache */; };
		5679E08814F641F00052A1ED /* foo_bar.txt in Resources */ = {isa = PBXBuildFile; fileRef = 5679E08714F641F00052A1ED /* foo_bar.txt */; };
		569C86701424A14F00D6BC77 /* GRBoolean_private.h in Headers */ = {isa = PBXBuildFile; fileRef = 569C866F1424A14E00D6BC77 /* GRBoolean_private.h */; };
		56A24079150892500003843A /* GRMustacheInvocationDescriptionTest.m in Sources */ = {isa = PBXBuildFile; fileRef = 56A24078150892500003843A /* GRMustacheInvocationDescriptionTest.m */; };
		56A9234314CEBBFD00204EB8 /* GRMustacheUtils.h in Headers */ = {isa = PBXBuildFile; fileRef = 56A9234214CEBBFD00204EB8 /* GRMustacheUtils.h */; settings = {ATTRIBUTES = (Public, ); }; };
		56A9234714CEBC5300204EB8 /* GRMustacheDateFormatterHelper.h in Headers */ = {isa = PBXBuildFile; fileRef = 56A9234514CEBC5300204EB8 /* GRMustacheDateFormatterHelper.h */; settings = {ATTRIBUTES = (Public, ); }; };
		56A9234814CEBC5300204EB8 /* GRMustacheDateFormatterHelper.m in Sources */ = {isa = PBXBuildFile; fileRef = 56A9234614CEBC5300204EB8 /* GRMustacheDateFormatterHelper.m */; };
		56A9234B14CEBD2600204EB8 /* GRMustacheDateFormatterHelperTest.m in Sources */ = {isa = PBXBuildFile; fileRef = 56A9234A14CEBD2600204EB8 /* GRMustacheDateFormatterHelperTest.m */; };
		56C1ED94151DCF3900A473C7 /* GRMustacheTemplateRepository.h in Headers */ = {isa = PBXBuildFile; fileRef = 56C1ED92151DCF3900A473C7 /* GRMustacheTemplateRepository.h */; };
		56C1ED95151DCF3900A473C7 /* GRMustacheTemplateRepository.m in Sources */ = {isa = PBXBuildFile; fileRef = 56C1ED93151DCF3900A473C7 /* GRMustacheTemplateRepository.m */; };
		56C1ED97151DD3B300A473C7 /* GRMustacheTemplateRepository_private.h in Headers */ = {isa = PBXBuildFile; fileRef = 56C1ED96151DD3B300A473C7 /* GRMustacheTemplateRepository_private.h */; };
		56C1ED99151DE4FE00A473C7 /* GRMustacheTemplateLoader_private.h in Headers */ = {isa = PBXBuildFile; fileRef = 56C1ED98151DE4FE00A473C7 /* GRMustacheTemplateLoader_private.h */; };
		56C1EDAA151E03E200A473C7 /* GRMustacheTemplateRepositoryWithBaseURLTest.m in Sources */ = {isa = PBXBuildFile; fileRef = 56C1EDA9151E03E200A473C7 /* GRMustacheTemplateRepositoryWithBaseURLTest.m */; };
		56C1EDAC151E056900A473C7 /* deep_partials in Resources */ = {isa = PBXBuildFile; fileRef = 56C1EDAB151E056900A473C7 /* deep_partials */; };
		56C1EDB1151E0C8B00A473C7 /* deep_partials_ISOLatin1 in Resources */ = {isa = PBXBuildFile; fileRef = 56C1EDAF151E0C8B00A473C7 /* deep_partials_ISOLatin1 */; };
		56C1EDB2151E0C8B00A473C7 /* deep_partials_UTF8 in Resources */ = {isa = PBXBuildFile; fileRef = 56C1EDB0151E0C8B00A473C7 /* deep_partials_UTF8 */; };
		56D880F114CDE9DF00AB3CE4 /* GRMustacheHelperTest.m in Sources */ = {isa = PBXBuildFile; fileRef = 56D880F014CDE9DF00AB3CE4 /* GRMustacheHelperTest.m */; };
		56D8810114CE85E600AB3CE4 /* GRMustacheNumberFormatterHelper.h in Headers */ = {isa = PBXBuildFile; fileRef = 56D880FF14CE85E600AB3CE4 /* GRMustacheNumberFormatterHelper.h */; settings = {ATTRIBUTES = (Public, ); }; };
		56D8810214CE85E600AB3CE4 /* GRMustacheNumberFormatterHelper.m in Sources */ = {isa = PBXBuildFile; fileRef = 56D8810014CE85E600AB3CE4 /* GRMustacheNumberFormatterHelper.m */; };
		56D8810514CE87E000AB3CE4 /* GRMustacheNumberFormatterHelperTest.m in Sources */ = {isa = PBXBuildFile; fileRef = 56D8810414CE87E000AB3CE4 /* GRMustacheNumberFormatterHelperTest.m */; };
		56E540A71503AEA1002F5D6E /* GRMustacheTemplateDelegate.h in Headers */ = {isa = PBXBuildFile; fileRef = 56E540A61503AEA1002F5D6E /* GRMustacheTemplateDelegate.h */; settings = {ATTRIBUTES = (Public, ); }; };
		56E540AC1503C6DB002F5D6E /* GRMustacheTemplateDelegateTest.m in Sources */ = {isa = PBXBuildFile; fileRef = 56E540AB1503C6DB002F5D6E /* GRMustacheTemplateDelegateTest.m */; };
		56E540AE1503CAD1002F5D6E /* GRMustacheInvocation.h in Headers */ = {isa = PBXBuildFile; fileRef = 56E540AD1503CAD1002F5D6E /* GRMustacheInvocation.h */; settings = {ATTRIBUTES = (Public, ); }; };
		56F5A821143EC5CB00478651 /* comments.yml in Resources */ = {isa = PBXBuildFile; fileRef = 56F5A813143EC5CB00478651 /* comments.yml */; };
		56F5A823143EC5CB00478651 /* delimiters.yml in Resources */ = {isa = PBXBuildFile; fileRef = 56F5A815143EC5CB00478651 /* delimiters.yml */; };
		56F5A825143EC5CB00478651 /* interpolation.yml in Resources */ = {isa = PBXBuildFile; fileRef = 56F5A817143EC5CB00478651 /* interpolation.yml */; };
		56F5A827143EC5CB00478651 /* inverted.yml in Resources */ = {isa = PBXBuildFile; fileRef = 56F5A819143EC5CB00478651 /* inverted.yml */; };
		56F5A829143EC5CB00478651 /* partials.yml in Resources */ = {isa = PBXBuildFile; fileRef = 56F5A81B143EC5CB00478651 /* partials.yml */; };
		56F5A82B143EC5CB00478651 /* sections.yml in Resources */ = {isa = PBXBuildFile; fileRef = 56F5A81D143EC5CB00478651 /* sections.yml */; };
/* End PBXBuildFile section */

/* Begin PBXContainerItemProxy section */
		565F692F139FF017004D1894 /* PBXContainerItemProxy */ = {
			isa = PBXContainerItemProxy;
			containerPortal = 565F6913139FF016004D1894 /* Project object */;
			proxyType = 1;
			remoteGlobalIDString = 565F691B139FF016004D1894;
			remoteInfo = "GRMustache1-macosx";
		};
/* End PBXContainerItemProxy section */

/* Begin PBXFileReference section */
		562901FC13A10C0800C92BB7 /* GRMustacheSpec_v1_0_Test.h */ = {isa = PBXFileReference; fileEncoding = 4; lastKnownFileType = sourcecode.c.h; path = GRMustacheSpec_v1_0_Test.h; sourceTree = "<group>"; };
		562901FD13A10C0800C92BB7 /* GRMustacheSpec_v1_0_Test.m */ = {isa = PBXFileReference; fileEncoding = 4; lastKnownFileType = sourcecode.c.objc; path = GRMustacheSpec_v1_0_Test.m; sourceTree = "<group>"; };
		5629020013A10C3C00C92BB7 /* GRMustacheTestSuite_v1_4_Test.h */ = {isa = PBXFileReference; fileEncoding = 4; lastKnownFileType = sourcecode.c.h; path = GRMustacheTestSuite_v1_4_Test.h; sourceTree = "<group>"; };
		5629020113A10C3C00C92BB7 /* GRMustacheTestSuite_v1_4_Test.m */ = {isa = PBXFileReference; fileEncoding = 4; lastKnownFileType = sourcecode.c.objc; path = GRMustacheTestSuite_v1_4_Test.m; sourceTree = "<group>"; };
		5629020413A10CA400C92BB7 /* GSNSDataExtensions.h */ = {isa = PBXFileReference; fileEncoding = 4; lastKnownFileType = sourcecode.c.h; path = GSNSDataExtensions.h; sourceTree = "<group>"; };
		5629020513A10CA400C92BB7 /* GSNSDataExtensions.m */ = {isa = PBXFileReference; fileEncoding = 4; lastKnownFileType = sourcecode.c.objc; path = GSNSDataExtensions.m; sourceTree = "<group>"; };
		5629020613A10CA400C92BB7 /* libsyck.a */ = {isa = PBXFileReference; lastKnownFileType = archive.ar; path = libsyck.a; sourceTree = "<group>"; };
		5629020713A10CA400C92BB7 /* syck.h */ = {isa = PBXFileReference; fileEncoding = 4; lastKnownFileType = sourcecode.c.h; path = syck.h; sourceTree = "<group>"; };
		5629020813A10CA400C92BB7 /* syck_st.h */ = {isa = PBXFileReference; fileEncoding = 4; lastKnownFileType = sourcecode.c.h; path = syck_st.h; sourceTree = "<group>"; };
		5629020913A10CA400C92BB7 /* SyckInput.m */ = {isa = PBXFileReference; fileEncoding = 4; lastKnownFileType = sourcecode.c.objc; path = SyckInput.m; sourceTree = "<group>"; };
		5629020A13A10CA400C92BB7 /* YAML.h */ = {isa = PBXFileReference; fileEncoding = 4; lastKnownFileType = sourcecode.c.h; path = YAML.h; sourceTree = "<group>"; };
		5629020B13A10CA400C92BB7 /* YAMLCategories.h */ = {isa = PBXFileReference; fileEncoding = 4; lastKnownFileType = sourcecode.c.h; path = YAMLCategories.h; sourceTree = "<group>"; };
		5629020C13A10CA400C92BB7 /* YAMLCategories.m */ = {isa = PBXFileReference; fileEncoding = 4; lastKnownFileType = sourcecode.c.objc; path = YAMLCategories.m; sourceTree = "<group>"; };
		5629020D13A10CA400C92BB7 /* YAMLCocoaCategories.h */ = {isa = PBXFileReference; fileEncoding = 4; lastKnownFileType = sourcecode.c.h; path = YAMLCocoaCategories.h; sourceTree = "<group>"; };
		5629020E13A10CA400C92BB7 /* YAMLCocoaCategories.m */ = {isa = PBXFileReference; fileEncoding = 4; lastKnownFileType = sourcecode.c.objc; path = YAMLCocoaCategories.m; sourceTree = "<group>"; };
		5629020F13A10CA400C92BB7 /* YamlController.h */ = {isa = PBXFileReference; fileEncoding = 4; lastKnownFileType = sourcecode.c.h; path = YamlController.h; sourceTree = "<group>"; };
		5629021513A10D0C00C92BB7 /* Foundation.framework */ = {isa = PBXFileReference; lastKnownFileType = wrapper.framework; name = Foundation.framework; path = System/Library/Frameworks/Foundation.framework; sourceTree = SDKROOT; };
		5629021713A10D2100C92BB7 /* CoreData.framework */ = {isa = PBXFileReference; lastKnownFileType = wrapper.framework; name = CoreData.framework; path = System/Library/Frameworks/CoreData.framework; sourceTree = SDKROOT; };
		5629021F13A10D6F00C92BB7 /* Cocoa.framework */ = {isa = PBXFileReference; lastKnownFileType = wrapper.framework; name = Cocoa.framework; path = System/Library/Frameworks/Cocoa.framework; sourceTree = SDKROOT; };
		563BF6C414403C47005A4F58 /* JRSwizzle.m */ = {isa = PBXFileReference; fileEncoding = 4; lastKnownFileType = sourcecode.c.objc; path = JRSwizzle.m; sourceTree = "<group>"; };
		563BF6C514403C47005A4F58 /* JRSwizzle.h */ = {isa = PBXFileReference; fileEncoding = 4; lastKnownFileType = sourcecode.c.h; path = JRSwizzle.h; sourceTree = "<group>"; };
		563BF6C814403D06005A4F58 /* GRMustacheProperty_private.h */ = {isa = PBXFileReference; fileEncoding = 4; lastKnownFileType = sourcecode.c.h; path = GRMustacheProperty_private.h; sourceTree = "<group>"; };
		563BF6C914403D06005A4F58 /* GRMustacheProperty.m */ = {isa = PBXFileReference; fileEncoding = 4; lastKnownFileType = sourcecode.c.objc; path = GRMustacheProperty.m; sourceTree = "<group>"; };
		563BF6CC14403FE1005A4F58 /* GRMustacheNSUndefinedKeyExceptionGuard_private.h */ = {isa = PBXFileReference; fileEncoding = 4; lastKnownFileType = sourcecode.c.h; path = GRMustacheNSUndefinedKeyExceptionGuard_private.h; sourceTree = "<group>"; };
		563BF6CD14403FE1005A4F58 /* GRMustacheNSUndefinedKeyExceptionGuard.m */ = {isa = PBXFileReference; fileEncoding = 4; lastKnownFileType = sourcecode.c.objc; path = GRMustacheNSUndefinedKeyExceptionGuard.m; sourceTree = "<group>"; };
		563BF7281440696A005A4F58 /* GRMustachePrivateAPITest.h */ = {isa = PBXFileReference; fileEncoding = 4; lastKnownFileType = sourcecode.c.h; path = GRMustachePrivateAPITest.h; sourceTree = "<group>"; };
		563BF7291440696B005A4F58 /* GRMustachePrivateAPITest.m */ = {isa = PBXFileReference; fileEncoding = 4; lastKnownFileType = sourcecode.c.objc; path = GRMustachePrivateAPITest.m; sourceTree = "<group>"; };
		563BF7361440847D005A4F58 /* core */ = {isa = PBXFileReference; lastKnownFileType = folder; path = core; sourceTree = "<group>"; };
		563BF73A1440847D005A4F58 /* file_system */ = {isa = PBXFileReference; lastKnownFileType = folder; path = file_system; sourceTree = "<group>"; };
		563BF7401440851B005A4F58 /* GRMustacheTestSuite_v1_0_Test.h */ = {isa = PBXFileReference; fileEncoding = 4; lastKnownFileType = sourcecode.c.h; path = GRMustacheTestSuite_v1_0_Test.h; sourceTree = "<group>"; };
		563BF7411440851C005A4F58 /* GRMustacheTestSuite_v1_0_Test.m */ = {isa = PBXFileReference; fileEncoding = 4; lastKnownFileType = sourcecode.c.objc; path = GRMustacheTestSuite_v1_0_Test.m; sourceTree = "<group>"; };
		563BF743144085A5005A4F58 /* handlebars */ = {isa = PBXFileReference; lastKnownFileType = folder; path = handlebars; sourceTree = "<group>"; };
		563BF74514408BCC005A4F58 /* dotted_names */ = {isa = PBXFileReference; lastKnownFileType = folder; path = dotted_names; sourceTree = "<group>"; };
		563BF74814408C21005A4F58 /* GRMustacheTestSuite_v1_8_Test.h */ = {isa = PBXFileReference; fileEncoding = 4; lastKnownFileType = sourcecode.c.h; path = GRMustacheTestSuite_v1_8_Test.h; sourceTree = "<group>"; };
		563BF74914408C21005A4F58 /* GRMustacheTestSuite_v1_8_Test.m */ = {isa = PBXFileReference; fileEncoding = 4; lastKnownFileType = sourcecode.c.objc; path = GRMustacheTestSuite_v1_8_Test.m; sourceTree = "<group>"; };
		563BF74B1440A37F005A4F58 /* GRMustacheDefaultTemplateOptionsTest.h */ = {isa = PBXFileReference; fileEncoding = 4; lastKnownFileType = sourcecode.c.h; path = GRMustacheDefaultTemplateOptionsTest.h; sourceTree = "<group>"; };
		563BF74C1440A380005A4F58 /* GRMustacheDefaultTemplateOptionsTest.m */ = {isa = PBXFileReference; fileEncoding = 4; lastKnownFileType = sourcecode.c.objc; path = GRMustacheDefaultTemplateOptionsTest.m; sourceTree = "<group>"; };
		5643505414EC42C200D7C00D /* GRMustacheInvocation_private.h */ = {isa = PBXFileReference; fileEncoding = 4; lastKnownFileType = sourcecode.c.h; path = GRMustacheInvocation_private.h; sourceTree = "<group>"; };
		5643505514EC42C200D7C00D /* GRMustacheInvocation.m */ = {isa = PBXFileReference; fileEncoding = 4; lastKnownFileType = sourcecode.c.objc; path = GRMustacheInvocation.m; sourceTree = "<group>"; };
		5651A82313B5B2CE0035E783 /* GRMustacheEnvironment.h */ = {isa = PBXFileReference; fileEncoding = 4; lastKnownFileType = sourcecode.c.h; path = GRMustacheEnvironment.h; sourceTree = "<group>"; };
		565F691C139FF016004D1894 /* libGRMustache1.a */ = {isa = PBXFileReference; explicitFileType = archive.ar; includeInIndex = 0; path = libGRMustache1.a; sourceTree = BUILT_PRODUCTS_DIR; };
		565F6929139FF017004D1894 /* GRMustache1Tests.octest */ = {isa = PBXFileReference; explicitFileType = wrapper.cfbundle; includeInIndex = 0; path = GRMustache1Tests.octest; sourceTree = BUILT_PRODUCTS_DIR; };
		565F694C139FF062004D1894 /* GRBoolean.h */ = {isa = PBXFileReference; fileEncoding = 4; lastKnownFileType = sourcecode.c.h; path = GRBoolean.h; sourceTree = "<group>"; };
		565F694D139FF062004D1894 /* GRBoolean.m */ = {isa = PBXFileReference; fileEncoding = 4; lastKnownFileType = sourcecode.c.objc; path = GRBoolean.m; sourceTree = "<group>"; };
		565F694E139FF062004D1894 /* GRMustache.h */ = {isa = PBXFileReference; fileEncoding = 4; lastKnownFileType = sourcecode.c.h; path = GRMustache.h; sourceTree = "<group>"; };
		565F694F139FF062004D1894 /* GRMustache.m */ = {isa = PBXFileReference; fileEncoding = 4; lastKnownFileType = sourcecode.c.objc; path = GRMustache.m; sourceTree = "<group>"; };
		565F6950139FF062004D1894 /* GRMustache_private.h */ = {isa = PBXFileReference; fileEncoding = 4; lastKnownFileType = sourcecode.c.h; path = GRMustache_private.h; sourceTree = "<group>"; };
		565F6955139FF062004D1894 /* GRMustacheContext.h */ = {isa = PBXFileReference; fileEncoding = 4; lastKnownFileType = sourcecode.c.h; path = GRMustacheContext.h; sourceTree = "<group>"; };
		565F6956139FF062004D1894 /* GRMustacheContext.m */ = {isa = PBXFileReference; fileEncoding = 4; lastKnownFileType = sourcecode.c.objc; path = GRMustacheContext.m; sourceTree = "<group>"; };
		565F6957139FF062004D1894 /* GRMustacheContext_private.h */ = {isa = PBXFileReference; fileEncoding = 4; lastKnownFileType = sourcecode.c.h; path = GRMustacheContext_private.h; sourceTree = "<group>"; };
		565F695A139FF062004D1894 /* GRMustacheError.h */ = {isa = PBXFileReference; fileEncoding = 4; lastKnownFileType = sourcecode.c.h; path = GRMustacheError.h; sourceTree = "<group>"; };
		565F695B139FF062004D1894 /* GRMustacheError.m */ = {isa = PBXFileReference; fileEncoding = 4; lastKnownFileType = sourcecode.c.objc; path = GRMustacheError.m; sourceTree = "<group>"; };
		565F695C139FF062004D1894 /* GRMustacheLambda.h */ = {isa = PBXFileReference; fileEncoding = 4; lastKnownFileType = sourcecode.c.h; path = GRMustacheLambda.h; sourceTree = "<group>"; };
		565F695D139FF062004D1894 /* GRMustacheLambda.m */ = {isa = PBXFileReference; fileEncoding = 4; lastKnownFileType = sourcecode.c.objc; path = GRMustacheLambda.m; sourceTree = "<group>"; };
		565F695E139FF062004D1894 /* GRMustacheLambda_private.h */ = {isa = PBXFileReference; fileEncoding = 4; lastKnownFileType = sourcecode.c.h; path = GRMustacheLambda_private.h; sourceTree = "<group>"; };
		565F6961139FF062004D1894 /* GRMustacheRendering_private.h */ = {isa = PBXFileReference; fileEncoding = 4; lastKnownFileType = sourcecode.c.h; path = GRMustacheRendering_private.h; sourceTree = "<group>"; };
		565F6962139FF062004D1894 /* GRMustacheSection.h */ = {isa = PBXFileReference; fileEncoding = 4; lastKnownFileType = sourcecode.c.h; path = GRMustacheSection.h; sourceTree = "<group>"; };
		565F6963139FF062004D1894 /* GRMustacheSection.m */ = {isa = PBXFileReference; fileEncoding = 4; lastKnownFileType = sourcecode.c.objc; path = GRMustacheSection.m; sourceTree = "<group>"; };
		565F6964139FF062004D1894 /* GRMustacheSection_private.h */ = {isa = PBXFileReference; fileEncoding = 4; lastKnownFileType = sourcecode.c.h; path = GRMustacheSection_private.h; sourceTree = "<group>"; };
		565F6965139FF062004D1894 /* GRMustacheTemplate.h */ = {isa = PBXFileReference; fileEncoding = 4; lastKnownFileType = sourcecode.c.h; path = GRMustacheTemplate.h; sourceTree = "<group>"; };
		565F6966139FF062004D1894 /* GRMustacheTemplate.m */ = {isa = PBXFileReference; fileEncoding = 4; lastKnownFileType = sourcecode.c.objc; path = GRMustacheTemplate.m; sourceTree = "<group>"; };
		565F6967139FF062004D1894 /* GRMustacheTemplate_private.h */ = {isa = PBXFileReference; fileEncoding = 4; lastKnownFileType = sourcecode.c.h; path = GRMustacheTemplate_private.h; sourceTree = "<group>"; };
		565F6968139FF062004D1894 /* GRMustacheTemplateLoader.h */ = {isa = PBXFileReference; fileEncoding = 4; lastKnownFileType = sourcecode.c.h; path = GRMustacheTemplateLoader.h; sourceTree = "<group>"; };
		565F6969139FF062004D1894 /* GRMustacheTemplateLoader.m */ = {isa = PBXFileReference; fileEncoding = 4; lastKnownFileType = sourcecode.c.objc; path = GRMustacheTemplateLoader.m; sourceTree = "<group>"; };
		565F696B139FF062004D1894 /* GRMustacheTemplateLoader_protected.h */ = {isa = PBXFileReference; fileEncoding = 4; lastKnownFileType = sourcecode.c.h; path = GRMustacheTemplateLoader_protected.h; sourceTree = "<group>"; };
		565F696C139FF062004D1894 /* GRMustacheTemplateParser.m */ = {isa = PBXFileReference; fileEncoding = 4; lastKnownFileType = sourcecode.c.objc; path = GRMustacheTemplateParser.m; sourceTree = "<group>"; };
		565F696D139FF062004D1894 /* GRMustacheTemplateParser_private.h */ = {isa = PBXFileReference; fileEncoding = 4; lastKnownFileType = sourcecode.c.h; path = GRMustacheTemplateParser_private.h; sourceTree = "<group>"; };
		565F696E139FF062004D1894 /* GRMustacheTextElement.m */ = {isa = PBXFileReference; fileEncoding = 4; lastKnownFileType = sourcecode.c.objc; path = GRMustacheTextElement.m; sourceTree = "<group>"; };
		565F696F139FF062004D1894 /* GRMustacheTextElement_private.h */ = {isa = PBXFileReference; fileEncoding = 4; lastKnownFileType = sourcecode.c.h; path = GRMustacheTextElement_private.h; sourceTree = "<group>"; };
		565F6970139FF062004D1894 /* GRMustacheToken.m */ = {isa = PBXFileReference; fileEncoding = 4; lastKnownFileType = sourcecode.c.objc; path = GRMustacheToken.m; sourceTree = "<group>"; };
		565F6971139FF062004D1894 /* GRMustacheToken_private.h */ = {isa = PBXFileReference; fileEncoding = 4; lastKnownFileType = sourcecode.c.h; path = GRMustacheToken_private.h; sourceTree = "<group>"; };
		565F6972139FF062004D1894 /* GRMustacheTokenizer.m */ = {isa = PBXFileReference; fileEncoding = 4; lastKnownFileType = sourcecode.c.objc; path = GRMustacheTokenizer.m; sourceTree = "<group>"; };
		565F6973139FF062004D1894 /* GRMustacheTokenizer_private.h */ = {isa = PBXFileReference; fileEncoding = 4; lastKnownFileType = sourcecode.c.h; path = GRMustacheTokenizer_private.h; sourceTree = "<group>"; };
		565F6974139FF062004D1894 /* GRMustacheVariableElement.m */ = {isa = PBXFileReference; fileEncoding = 4; lastKnownFileType = sourcecode.c.objc; path = GRMustacheVariableElement.m; sourceTree = "<group>"; };
		565F6975139FF062004D1894 /* GRMustacheVariableElement_private.h */ = {isa = PBXFileReference; fileEncoding = 4; lastKnownFileType = sourcecode.c.h; path = GRMustacheVariableElement_private.h; sourceTree = "<group>"; };
		565F6976139FF062004D1894 /* GRMustacheVersion.h */ = {isa = PBXFileReference; fileEncoding = 4; lastKnownFileType = sourcecode.c.h; path = GRMustacheVersion.h; sourceTree = "<group>"; };
		565F6AB6139FF13B004D1894 /* GRMustachePublicAPITest.h */ = {isa = PBXFileReference; fileEncoding = 4; lastKnownFileType = sourcecode.c.h; path = GRMustachePublicAPITest.h; sourceTree = "<group>"; };
		565F6AB7139FF13B004D1894 /* GRMustachePublicAPITest.m */ = {isa = PBXFileReference; fileEncoding = 4; lastKnownFileType = sourcecode.c.objc; path = GRMustachePublicAPITest.m; sourceTree = "<group>"; };
		565F6AB8139FF13B004D1894 /* GRMustacheTestBase.h */ = {isa = PBXFileReference; fileEncoding = 4; lastKnownFileType = sourcecode.c.h; path = GRMustacheTestBase.h; sourceTree = "<group>"; };
		565F6AB9139FF13B004D1894 /* GRMustacheTestBase.m */ = {isa = PBXFileReference; fileEncoding = 4; lastKnownFileType = sourcecode.c.objc; path = GRMustacheTestBase.m; sourceTree = "<group>"; };
		565F6B1C139FF13B004D1894 /* GRBooleanTest.h */ = {isa = PBXFileReference; fileEncoding = 4; lastKnownFileType = sourcecode.c.h; path = GRBooleanTest.h; sourceTree = "<group>"; };
		565F6B1D139FF13B004D1894 /* GRBooleanTest.m */ = {isa = PBXFileReference; fileEncoding = 4; lastKnownFileType = sourcecode.c.objc; path = GRBooleanTest.m; sourceTree = "<group>"; };
		565F6B1E139FF13B004D1894 /* GRMustacheContextTest.h */ = {isa = PBXFileReference; fileEncoding = 4; lastKnownFileType = sourcecode.c.h; path = GRMustacheContextTest.h; sourceTree = "<group>"; };
		565F6B1F139FF13B004D1894 /* GRMustacheContextTest.m */ = {isa = PBXFileReference; fileEncoding = 4; lastKnownFileType = sourcecode.c.objc; path = GRMustacheContextTest.m; sourceTree = "<group>"; };
		565F6B20139FF13B004D1894 /* GRMustacheTokenizerTest.h */ = {isa = PBXFileReference; fileEncoding = 4; lastKnownFileType = sourcecode.c.h; path = GRMustacheTokenizerTest.h; sourceTree = "<group>"; };
		565F6B21139FF13B004D1894 /* GRMustacheTokenizerTest.m */ = {isa = PBXFileReference; fileEncoding = 4; lastKnownFileType = sourcecode.c.objc; path = GRMustacheTokenizerTest.m; sourceTree = "<group>"; };
		565F6B23139FF13B004D1894 /* complex_view.mustache */ = {isa = PBXFileReference; fileEncoding = 4; lastKnownFileType = text; path = complex_view.mustache; sourceTree = "<group>"; };
		565F6B24139FF13B004D1894 /* crazy_recursive.mustache */ = {isa = PBXFileReference; fileEncoding = 4; lastKnownFileType = text; path = crazy_recursive.mustache; sourceTree = "<group>"; };
		565F6B25139FF13B004D1894 /* inner_partial.mustache */ = {isa = PBXFileReference; fileEncoding = 4; lastKnownFileType = text; path = inner_partial.mustache; sourceTree = "<group>"; };
		565F6B26139FF13B004D1894 /* inner_partial.txt */ = {isa = PBXFileReference; fileEncoding = 4; lastKnownFileType = text; path = inner_partial.txt; sourceTree = "<group>"; };
		565F6B27139FF13B004D1894 /* lambda.mustache */ = {isa = PBXFileReference; fileEncoding = 4; lastKnownFileType = text; path = lambda.mustache; sourceTree = "<group>"; };
		565F6B28139FF13B004D1894 /* namespaced.mustache */ = {isa = PBXFileReference; fileEncoding = 4; lastKnownFileType = text; path = namespaced.mustache; sourceTree = "<group>"; };
		565F6B29139FF13B004D1894 /* nested_objects.mustache */ = {isa = PBXFileReference; fileEncoding = 4; lastKnownFileType = text; path = nested_objects.mustache; sourceTree = "<group>"; };
		565F6B2A139FF13B004D1894 /* node.mustache */ = {isa = PBXFileReference; fileEncoding = 4; lastKnownFileType = text; path = node.mustache; sourceTree = "<group>"; };
		565F6B2B139FF13B004D1894 /* partial_with_module.mustache */ = {isa = PBXFileReference; fileEncoding = 4; lastKnownFileType = text; path = partial_with_module.mustache; sourceTree = "<group>"; };
		565F6B2C139FF13B004D1894 /* passenger.conf */ = {isa = PBXFileReference; fileEncoding = 4; lastKnownFileType = text; path = passenger.conf; sourceTree = "<group>"; };
		565F6B2D139FF13B004D1894 /* recursive.mustache */ = {isa = PBXFileReference; fileEncoding = 4; lastKnownFileType = text; path = recursive.mustache; sourceTree = "<group>"; };
		565F6B2E139FF13B004D1894 /* template_partial.mustache */ = {isa = PBXFileReference; fileEncoding = 4; lastKnownFileType = text; path = template_partial.mustache; sourceTree = "<group>"; };
		565F6B2F139FF13B004D1894 /* template_partial.txt */ = {isa = PBXFileReference; fileEncoding = 4; lastKnownFileType = text; path = template_partial.txt; sourceTree = "<group>"; };
		565F6B30139FF13B004D1894 /* utf8.mustache */ = {isa = PBXFileReference; fileEncoding = 4; lastKnownFileType = text; path = utf8.mustache; sourceTree = "<group>"; };
		565F6B31139FF13B004D1894 /* utf8_partial.mustache */ = {isa = PBXFileReference; fileEncoding = 4; lastKnownFileType = text; path = utf8_partial.mustache; sourceTree = "<group>"; };
		565F6B40139FF13B004D1894 /* GRBoolean_v1_0_Test.h */ = {isa = PBXFileReference; fileEncoding = 4; lastKnownFileType = sourcecode.c.h; path = GRBoolean_v1_0_Test.h; sourceTree = "<group>"; };
		565F6B41139FF13B004D1894 /* GRBoolean_v1_0_Test.m */ = {isa = PBXFileReference; fileEncoding = 4; lastKnownFileType = sourcecode.c.objc; path = GRBoolean_v1_0_Test.m; sourceTree = "<group>"; };
		565F6B42139FF13B004D1894 /* GRDotKeyTest.h */ = {isa = PBXFileReference; fileEncoding = 4; lastKnownFileType = sourcecode.c.h; path = GRDotKeyTest.h; sourceTree = "<group>"; };
		565F6B43139FF13B004D1894 /* GRDotKeyTest.m */ = {isa = PBXFileReference; fileEncoding = 4; lastKnownFileType = sourcecode.c.objc; path = GRDotKeyTest.m; sourceTree = "<group>"; };
		565F6B44139FF13B004D1894 /* GRMustacheLambdaMakeTest.h */ = {isa = PBXFileReference; fileEncoding = 4; lastKnownFileType = sourcecode.c.h; path = GRMustacheLambdaMakeTest.h; sourceTree = "<group>"; };
		565F6B45139FF13B004D1894 /* GRMustacheLambdaMakeTest.m */ = {isa = PBXFileReference; fileEncoding = 4; lastKnownFileType = sourcecode.c.objc; path = GRMustacheLambdaMakeTest.m; sourceTree = "<group>"; };
		565F6B48139FF13B004D1894 /* GRMustacheTemplate_v1_0_Test.h */ = {isa = PBXFileReference; fileEncoding = 4; lastKnownFileType = sourcecode.c.h; path = GRMustacheTemplate_v1_0_Test.h; sourceTree = "<group>"; };
		565F6B49139FF13B004D1894 /* GRMustacheTemplate_v1_0_Test.m */ = {isa = PBXFileReference; fileEncoding = 4; lastKnownFileType = sourcecode.c.objc; path = GRMustacheTemplate_v1_0_Test.m; sourceTree = "<group>"; };
		565F6B4A139FF13B004D1894 /* GRMustacheTemplateLoaderSubclassTest.h */ = {isa = PBXFileReference; fileEncoding = 4; lastKnownFileType = sourcecode.c.h; path = GRMustacheTemplateLoaderSubclassTest.h; sourceTree = "<group>"; };
		565F6B4B139FF13B004D1894 /* GRMustacheTemplateLoaderSubclassTest.m */ = {isa = PBXFileReference; fileEncoding = 4; lastKnownFileType = sourcecode.c.objc; path = GRMustacheTemplateLoaderSubclassTest.m; sourceTree = "<group>"; };
		565F6B4C139FF13B004D1894 /* GRPartialTest.h */ = {isa = PBXFileReference; fileEncoding = 4; lastKnownFileType = sourcecode.c.h; path = GRPartialTest.h; sourceTree = "<group>"; };
		565F6B4D139FF13B004D1894 /* GRPartialTest.m */ = {isa = PBXFileReference; fileEncoding = 4; lastKnownFileType = sourcecode.c.objc; path = GRPartialTest.m; sourceTree = "<group>"; };
		565F6B4F139FF13B004D1894 /* GRBoolean_v1_1_Test.h */ = {isa = PBXFileReference; fileEncoding = 4; lastKnownFileType = sourcecode.c.h; path = GRBoolean_v1_1_Test.h; sourceTree = "<group>"; };
		565F6B50139FF13B004D1894 /* GRBoolean_v1_1_Test.m */ = {isa = PBXFileReference; fileEncoding = 4; lastKnownFileType = sourcecode.c.objc; path = GRBoolean_v1_1_Test.m; sourceTree = "<group>"; };
		565F6B52139FF13B004D1894 /* GRMustacheLambdaBlockMakeTest.h */ = {isa = PBXFileReference; fileEncoding = 4; lastKnownFileType = sourcecode.c.h; path = GRMustacheLambdaBlockMakeTest.h; sourceTree = "<group>"; };
		565F6B53139FF13B004D1894 /* GRMustacheLambdaBlockMakeTest.m */ = {isa = PBXFileReference; fileEncoding = 4; lastKnownFileType = sourcecode.c.objc; path = GRMustacheLambdaBlockMakeTest.m; sourceTree = "<group>"; };
		565F6B54139FF13B004D1894 /* GRMustacheSelectorHelper_v1_3_Test.h */ = {isa = PBXFileReference; fileEncoding = 4; lastKnownFileType = sourcecode.c.h; path = GRMustacheSelectorHelper_v1_3_Test.h; sourceTree = "<group>"; };
		565F6B55139FF13B004D1894 /* GRMustacheSelectorHelper_v1_3_Test.m */ = {isa = PBXFileReference; fileEncoding = 4; lastKnownFileType = sourcecode.c.objc; path = GRMustacheSelectorHelper_v1_3_Test.m; sourceTree = "<group>"; };
		565F6B59139FF13B004D1894 /* GRMustacheTemplate_v1_4_Test.h */ = {isa = PBXFileReference; fileEncoding = 4; lastKnownFileType = sourcecode.c.h; path = GRMustacheTemplate_v1_4_Test.h; sourceTree = "<group>"; };
		565F6B5A139FF13B004D1894 /* GRMustacheTemplate_v1_4_Test.m */ = {isa = PBXFileReference; fileEncoding = 4; lastKnownFileType = sourcecode.c.objc; path = GRMustacheTemplate_v1_4_Test.m; sourceTree = "<group>"; };
		565F6B5C139FF13B004D1894 /* GRMustacheBlockHelperTest.h */ = {isa = PBXFileReference; fileEncoding = 4; lastKnownFileType = sourcecode.c.h; path = GRMustacheBlockHelperTest.h; sourceTree = "<group>"; };
		565F6B5D139FF13B004D1894 /* GRMustacheBlockHelperTest.m */ = {isa = PBXFileReference; fileEncoding = 4; lastKnownFileType = sourcecode.c.objc; path = GRMustacheBlockHelperTest.m; sourceTree = "<group>"; };
		565F6B5E139FF13B004D1894 /* GRMustacheSelectorHelper_v1_5_Test.h */ = {isa = PBXFileReference; fileEncoding = 4; lastKnownFileType = sourcecode.c.h; path = GRMustacheSelectorHelper_v1_5_Test.h; sourceTree = "<group>"; };
		565F6B5F139FF13B004D1894 /* GRMustacheSelectorHelper_v1_5_Test.m */ = {isa = PBXFileReference; fileEncoding = 4; lastKnownFileType = sourcecode.c.objc; path = GRMustacheSelectorHelper_v1_5_Test.m; sourceTree = "<group>"; };
		5663FC411441779400B60CEA /* GRMustacheAvailabilityMacros.h */ = {isa = PBXFileReference; fileEncoding = 4; lastKnownFileType = sourcecode.c.h; path = GRMustacheAvailabilityMacros.h; sourceTree = "<group>"; };
		5672484113E020C60043E2FA /* syntax_error.conf */ = {isa = PBXFileReference; fileEncoding = 4; lastKnownFileType = text; path = syntax_error.conf; sourceTree = "<group>"; };
		5672484713E02F0B0043E2FA /* GRMustacheTemplate_v1_7_Test.h */ = {isa = PBXFileReference; fileEncoding = 4; lastKnownFileType = sourcecode.c.h; path = GRMustacheTemplate_v1_7_Test.h; sourceTree = "<group>"; };
		5672484813E02F0B0043E2FA /* GRMustacheTemplate_v1_7_Test.m */ = {isa = PBXFileReference; fileEncoding = 4; lastKnownFileType = sourcecode.c.objc; path = GRMustacheTemplate_v1_7_Test.m; sourceTree = "<group>"; };
		5672484A13E02F430043E2FA /* GRManagedObjectTest.h */ = {isa = PBXFileReference; fileEncoding = 4; lastKnownFileType = sourcecode.c.h; path = GRManagedObjectTest.h; sourceTree = "<group>"; };
		5672484B13E02F430043E2FA /* GRManagedObjectTest.m */ = {isa = PBXFileReference; fileEncoding = 4; lastKnownFileType = sourcecode.c.objc; path = GRManagedObjectTest.m; sourceTree = "<group>"; };
		5672484D13E02F430043E2FA /* Model.xcdatamodel */ = {isa = PBXFileReference; lastKnownFileType = wrapper.xcdatamodel; path = Model.xcdatamodel; sourceTree = "<group>"; };
		5679E07714F631FF0052A1ED /* GRMustacheAvailabilityMacros_private.h */ = {isa = PBXFileReference; lastKnownFileType = sourcecode.c.h; path = GRMustacheAvailabilityMacros_private.h; sourceTree = "<group>"; };
		5679E08214F63CFF0052A1ED /* GRMustacheTemplateFromMethodsTest.h */ = {isa = PBXFileReference; fileEncoding = 4; lastKnownFileType = sourcecode.c.h; path = GRMustacheTemplateFromMethodsTest.h; sourceTree = "<group>"; };
		5679E08314F63CFF0052A1ED /* GRMustacheTemplateFromMethodsTest.m */ = {isa = PBXFileReference; fileEncoding = 4; lastKnownFileType = sourcecode.c.objc; path = GRMustacheTemplateFromMethodsTest.m; sourceTree = "<group>"; };
		5679E08514F640460052A1ED /* foo_bar.mustache */ = {isa = PBXFileReference; fileEncoding = 4; lastKnownFileType = text; path = foo_bar.mustache; sourceTree = "<group>"; };
		5679E08714F641F00052A1ED /* foo_bar.txt */ = {isa = PBXFileReference; fileEncoding = 4; lastKnownFileType = text; path = foo_bar.txt; sourceTree = "<group>"; };
		569C866F1424A14E00D6BC77 /* GRBoolean_private.h */ = {isa = PBXFileReference; fileEncoding = 4; lastKnownFileType = sourcecode.c.h; path = GRBoolean_private.h; sourceTree = "<group>"; };
		56A24077150892500003843A /* GRMustacheInvocationDescriptionTest.h */ = {isa = PBXFileReference; fileEncoding = 4; lastKnownFileType = sourcecode.c.h; path = GRMustacheInvocationDescriptionTest.h; sourceTree = "<group>"; };
		56A24078150892500003843A /* GRMustacheInvocationDescriptionTest.m */ = {isa = PBXFileReference; fileEncoding = 4; lastKnownFileType = sourcecode.c.objc; path = GRMustacheInvocationDescriptionTest.m; sourceTree = "<group>"; };
		56A9234214CEBBFD00204EB8 /* GRMustacheUtils.h */ = {isa = PBXFileReference; fileEncoding = 4; lastKnownFileType = sourcecode.c.h; path = GRMustacheUtils.h; sourceTree = "<group>"; };
		56A9234514CEBC5300204EB8 /* GRMustacheDateFormatterHelper.h */ = {isa = PBXFileReference; fileEncoding = 4; lastKnownFileType = sourcecode.c.h; path = GRMustacheDateFormatterHelper.h; sourceTree = "<group>"; };
		56A9234614CEBC5300204EB8 /* GRMustacheDateFormatterHelper.m */ = {isa = PBXFileReference; fileEncoding = 4; lastKnownFileType = sourcecode.c.objc; path = GRMustacheDateFormatterHelper.m; sourceTree = "<group>"; };
		56A9234914CEBD2600204EB8 /* GRMustacheDateFormatterHelperTest.h */ = {isa = PBXFileReference; fileEncoding = 4; lastKnownFileType = sourcecode.c.h; path = GRMustacheDateFormatterHelperTest.h; sourceTree = "<group>"; };
		56A9234A14CEBD2600204EB8 /* GRMustacheDateFormatterHelperTest.m */ = {isa = PBXFileReference; fileEncoding = 4; lastKnownFileType = sourcecode.c.objc; path = GRMustacheDateFormatterHelperTest.m; sourceTree = "<group>"; };
		56C1ED92151DCF3900A473C7 /* GRMustacheTemplateRepository.h */ = {isa = PBXFileReference; fileEncoding = 4; lastKnownFileType = sourcecode.c.h; path = GRMustacheTemplateRepository.h; sourceTree = "<group>"; };
		56C1ED93151DCF3900A473C7 /* GRMustacheTemplateRepository.m */ = {isa = PBXFileReference; fileEncoding = 4; lastKnownFileType = sourcecode.c.objc; path = GRMustacheTemplateRepository.m; sourceTree = "<group>"; };
		56C1ED96151DD3B300A473C7 /* GRMustacheTemplateRepository_private.h */ = {isa = PBXFileReference; fileEncoding = 4; lastKnownFileType = sourcecode.c.h; path = GRMustacheTemplateRepository_private.h; sourceTree = "<group>"; };
		56C1ED98151DE4FE00A473C7 /* GRMustacheTemplateLoader_private.h */ = {isa = PBXFileReference; fileEncoding = 4; lastKnownFileType = sourcecode.c.h; path = GRMustacheTemplateLoader_private.h; sourceTree = "<group>"; };
		56C1EDA8151E03E200A473C7 /* GRMustacheTemplateRepositoryWithBaseURLTest.h */ = {isa = PBXFileReference; fileEncoding = 4; lastKnownFileType = sourcecode.c.h; path = GRMustacheTemplateRepositoryWithBaseURLTest.h; sourceTree = "<group>"; };
		56C1EDA9151E03E200A473C7 /* GRMustacheTemplateRepositoryWithBaseURLTest.m */ = {isa = PBXFileReference; fileEncoding = 4; lastKnownFileType = sourcecode.c.objc; path = GRMustacheTemplateRepositoryWithBaseURLTest.m; sourceTree = "<group>"; };
		56C1EDAB151E056900A473C7 /* deep_partials */ = {isa = PBXFileReference; lastKnownFileType = folder; path = deep_partials; sourceTree = "<group>"; };
		56C1EDAF151E0C8B00A473C7 /* deep_partials_ISOLatin1 */ = {isa = PBXFileReference; lastKnownFileType = folder; path = deep_partials_ISOLatin1; sourceTree = "<group>"; };
		56C1EDB0151E0C8B00A473C7 /* deep_partials_UTF8 */ = {isa = PBXFileReference; lastKnownFileType = folder; path = deep_partials_UTF8; sourceTree = "<group>"; };
		56D880EF14CDE9DF00AB3CE4 /* GRMustacheHelperTest.h */ = {isa = PBXFileReference; fileEncoding = 4; lastKnownFileType = sourcecode.c.h; path = GRMustacheHelperTest.h; sourceTree = "<group>"; };
		56D880F014CDE9DF00AB3CE4 /* GRMustacheHelperTest.m */ = {isa = PBXFileReference; fileEncoding = 4; lastKnownFileType = sourcecode.c.objc; path = GRMustacheHelperTest.m; sourceTree = "<group>"; };
		56D880FF14CE85E600AB3CE4 /* GRMustacheNumberFormatterHelper.h */ = {isa = PBXFileReference; fileEncoding = 4; lastKnownFileType = sourcecode.c.h; path = GRMustacheNumberFormatterHelper.h; sourceTree = "<group>"; };
		56D8810014CE85E600AB3CE4 /* GRMustacheNumberFormatterHelper.m */ = {isa = PBXFileReference; fileEncoding = 4; lastKnownFileType = sourcecode.c.objc; path = GRMustacheNumberFormatterHelper.m; sourceTree = "<group>"; };
		56D8810314CE87E000AB3CE4 /* GRMustacheNumberFormatterHelperTest.h */ = {isa = PBXFileReference; fileEncoding = 4; lastKnownFileType = sourcecode.c.h; path = GRMustacheNumberFormatterHelperTest.h; sourceTree = "<group>"; };
		56D8810414CE87E000AB3CE4 /* GRMustacheNumberFormatterHelperTest.m */ = {isa = PBXFileReference; fileEncoding = 4; lastKnownFileType = sourcecode.c.objc; path = GRMustacheNumberFormatterHelperTest.m; sourceTree = "<group>"; };
		56E540A61503AEA1002F5D6E /* GRMustacheTemplateDelegate.h */ = {isa = PBXFileReference; fileEncoding = 4; lastKnownFileType = sourcecode.c.h; path = GRMustacheTemplateDelegate.h; sourceTree = "<group>"; };
		56E540AA1503C6DB002F5D6E /* GRMustacheTemplateDelegateTest.h */ = {isa = PBXFileReference; fileEncoding = 4; lastKnownFileType = sourcecode.c.h; path = GRMustacheTemplateDelegateTest.h; sourceTree = "<group>"; };
		56E540AB1503C6DB002F5D6E /* GRMustacheTemplateDelegateTest.m */ = {isa = PBXFileReference; fileEncoding = 4; lastKnownFileType = sourcecode.c.objc; path = GRMustacheTemplateDelegateTest.m; sourceTree = "<group>"; };
		56E540AD1503CAD1002F5D6E /* GRMustacheInvocation.h */ = {isa = PBXFileReference; fileEncoding = 4; lastKnownFileType = sourcecode.c.h; path = GRMustacheInvocation.h; sourceTree = "<group>"; };
		56F5A813143EC5CB00478651 /* comments.yml */ = {isa = PBXFileReference; fileEncoding = 4; lastKnownFileType = text; path = comments.yml; sourceTree = "<group>"; };
		56F5A815143EC5CB00478651 /* delimiters.yml */ = {isa = PBXFileReference; fileEncoding = 4; lastKnownFileType = text; path = delimiters.yml; sourceTree = "<group>"; };
		56F5A817143EC5CB00478651 /* interpolation.yml */ = {isa = PBXFileReference; fileEncoding = 4; lastKnownFileType = text; path = interpolation.yml; sourceTree = "<group>"; };
		56F5A819143EC5CB00478651 /* inverted.yml */ = {isa = PBXFileReference; fileEncoding = 4; lastKnownFileType = text; path = inverted.yml; sourceTree = "<group>"; };
		56F5A81B143EC5CB00478651 /* partials.yml */ = {isa = PBXFileReference; fileEncoding = 4; lastKnownFileType = text; path = partials.yml; sourceTree = "<group>"; };
		56F5A81D143EC5CB00478651 /* sections.yml */ = {isa = PBXFileReference; fileEncoding = 4; lastKnownFileType = text; path = sections.yml; sourceTree = "<group>"; };
/* End PBXFileReference section */

/* Begin PBXFrameworksBuildPhase section */
		565F6919139FF016004D1894 /* Frameworks */ = {
			isa = PBXFrameworksBuildPhase;
			buildActionMask = 2147483647;
			files = (
				5629021613A10D0C00C92BB7 /* Foundation.framework in Frameworks */,
			);
			runOnlyForDeploymentPostprocessing = 0;
		};
		565F6925139FF017004D1894 /* Frameworks */ = {
			isa = PBXFrameworksBuildPhase;
			buildActionMask = 2147483647;
			files = (
				5629022013A10D6F00C92BB7 /* Cocoa.framework in Frameworks */,
				5629021813A10D2100C92BB7 /* CoreData.framework in Frameworks */,
				565F6931139FF017004D1894 /* libGRMustache1.a in Frameworks */,
				5629021113A10CA400C92BB7 /* libsyck.a in Frameworks */,
			);
			runOnlyForDeploymentPostprocessing = 0;
		};
/* End PBXFrameworksBuildPhase section */

/* Begin PBXGroup section */
		5629020313A10CA400C92BB7 /* syck */ = {
			isa = PBXGroup;
			children = (
				5629020413A10CA400C92BB7 /* GSNSDataExtensions.h */,
				5629020513A10CA400C92BB7 /* GSNSDataExtensions.m */,
				5629020613A10CA400C92BB7 /* libsyck.a */,
				5629020713A10CA400C92BB7 /* syck.h */,
				5629020813A10CA400C92BB7 /* syck_st.h */,
				5629020913A10CA400C92BB7 /* SyckInput.m */,
				5629020A13A10CA400C92BB7 /* YAML.h */,
				5629020B13A10CA400C92BB7 /* YAMLCategories.h */,
				5629020C13A10CA400C92BB7 /* YAMLCategories.m */,
				5629020D13A10CA400C92BB7 /* YAMLCocoaCategories.h */,
				5629020E13A10CA400C92BB7 /* YAMLCocoaCategories.m */,
				5629020F13A10CA400C92BB7 /* YamlController.h */,
			);
			path = syck;
			sourceTree = "<group>";
		};
		563BF6C014403BFA005A4F58 /* Libs */ = {
			isa = PBXGroup;
			children = (
				563BF6C214403C0B005A4F58 /* groue */,
				565F691E139FF016004D1894 /* Frameworks */,
			);
			path = Libs;
			sourceTree = "<group>";
		};
		563BF6C214403C0B005A4F58 /* groue */ = {
			isa = PBXGroup;
			children = (
				563BF6C314403C25005A4F58 /* jrswizzle */,
			);
			path = groue;
			sourceTree = "<group>";
		};
		563BF6C314403C25005A4F58 /* jrswizzle */ = {
			isa = PBXGroup;
			children = (
				563BF6C414403C47005A4F58 /* JRSwizzle.m */,
				563BF6C514403C47005A4F58 /* JRSwizzle.h */,
			);
			path = jrswizzle;
			sourceTree = "<group>";
		};
		563BF74714408C1C005A4F58 /* v1.8 */ = {
			isa = PBXGroup;
			children = (
				563BF74814408C21005A4F58 /* GRMustacheTestSuite_v1_8_Test.h */,
				563BF74914408C21005A4F58 /* GRMustacheTestSuite_v1_8_Test.m */,
				563BF74B1440A37F005A4F58 /* GRMustacheDefaultTemplateOptionsTest.h */,
				563BF74C1440A380005A4F58 /* GRMustacheDefaultTemplateOptionsTest.m */,
			);
			path = v1.8;
			sourceTree = "<group>";
		};
		565F6911139FF016004D1894 = {
			isa = PBXGroup;
			children = (
				565F6921139FF016004D1894 /* GRMustache1 */,
				565F6932139FF017004D1894 /* GRMustache1Tests */,
				563BF6C014403BFA005A4F58 /* Libs */,
				565F691D139FF016004D1894 /* Products */,
			);
			sourceTree = "<group>";
		};
		565F691D139FF016004D1894 /* Products */ = {
			isa = PBXGroup;
			children = (
				565F691C139FF016004D1894 /* libGRMustache1.a */,
				565F6929139FF017004D1894 /* GRMustache1Tests.octest */,
			);
			name = Products;
			sourceTree = "<group>";
		};
		565F691E139FF016004D1894 /* Frameworks */ = {
			isa = PBXGroup;
			children = (
				5629021F13A10D6F00C92BB7 /* Cocoa.framework */,
				5629021713A10D2100C92BB7 /* CoreData.framework */,
				5629021513A10D0C00C92BB7 /* Foundation.framework */,
			);
			name = Frameworks;
			sourceTree = "<group>";
		};
		565F6921139FF016004D1894 /* GRMustache1 */ = {
			isa = PBXGroup;
			children = (
				565F694B139FF062004D1894 /* Classes */,
			);
			path = GRMustache1;
			sourceTree = "<group>";
		};
		565F6932139FF017004D1894 /* GRMustache1Tests */ = {
			isa = PBXGroup;
			children = (
				565F6AB3139FF13B004D1894 /* Tests */,
			);
			path = GRMustache1Tests;
			sourceTree = "<group>";
		};
		565F694B139FF062004D1894 /* Classes */ = {
			isa = PBXGroup;
			children = (
				56E29A6213BC3C59006336DB /* Abstract Tree */,
				56E29A6413BC3C62006336DB /* Loading */,
				56E29A6513BC3C6C006336DB /* Parsing */,
				56E29A6613BC3C76006336DB /* Rendering */,
				56D880FE14CE85BE00AB3CE4 /* Utils */,
				565F694C139FF062004D1894 /* GRBoolean.h */,
				569C866F1424A14E00D6BC77 /* GRBoolean_private.h */,
				565F694D139FF062004D1894 /* GRBoolean.m */,
				565F694E139FF062004D1894 /* GRMustache.h */,
				565F6950139FF062004D1894 /* GRMustache_private.h */,
				565F694F139FF062004D1894 /* GRMustache.m */,
				5663FC411441779400B60CEA /* GRMustacheAvailabilityMacros.h */,
				5679E07714F631FF0052A1ED /* GRMustacheAvailabilityMacros_private.h */,
				5651A82313B5B2CE0035E783 /* GRMustacheEnvironment.h */,
				565F695A139FF062004D1894 /* GRMustacheError.h */,
				565F695B139FF062004D1894 /* GRMustacheError.m */,
				565F6976139FF062004D1894 /* GRMustacheVersion.h */,
			);
			path = Classes;
			sourceTree = SOURCE_ROOT;
		};
		565F6AB3139FF13B004D1894 /* Tests */ = {
			isa = PBXGroup;
			children = (
				563BF7281440696A005A4F58 /* GRMustachePrivateAPITest.h */,
				563BF7291440696B005A4F58 /* GRMustachePrivateAPITest.m */,
				565F6AB6139FF13B004D1894 /* GRMustachePublicAPITest.h */,
				565F6AB7139FF13B004D1894 /* GRMustachePublicAPITest.m */,
				565F6AB8139FF13B004D1894 /* GRMustacheTestBase.h */,
				565F6AB9139FF13B004D1894 /* GRMustacheTestBase.m */,
				565F6B1B139FF13B004D1894 /* Private */,
				565F6B22139FF13B004D1894 /* Resources */,
				5629020313A10CA400C92BB7 /* syck */,
				565F6B3F139FF13B004D1894 /* v1.0 */,
				565F6B4E139FF13B004D1894 /* v1.1 */,
				565F6B51139FF13B004D1894 /* v1.3 */,
				565F6B56139FF13B004D1894 /* v1.4 */,
				565F6B5B139FF13B004D1894 /* v1.5 */,
				5672484613E02F0B0043E2FA /* v1.7 */,
				563BF74714408C1C005A4F58 /* v1.8 */,
				56D880ED14CDE9A600AB3CE4 /* v1.9 */,
				5679E08114F63CD80052A1ED /* v1.11 */,
				56E540A91503C616002F5D6E /* v1.12 */,
				56C1EDA7151E03AF00A473C7 /* v1.13 */,
			);
			path = Tests;
			sourceTree = SOURCE_ROOT;
		};
		565F6B1B139FF13B004D1894 /* Private */ = {
			isa = PBXGroup;
			children = (
				565F6B1C139FF13B004D1894 /* GRBooleanTest.h */,
				565F6B1D139FF13B004D1894 /* GRBooleanTest.m */,
				565F6B1E139FF13B004D1894 /* GRMustacheContextTest.h */,
				565F6B1F139FF13B004D1894 /* GRMustacheContextTest.m */,
				565F6B20139FF13B004D1894 /* GRMustacheTokenizerTest.h */,
				565F6B21139FF13B004D1894 /* GRMustacheTokenizerTest.m */,
			);
			path = Private;
			sourceTree = "<group>";
		};
		565F6B22139FF13B004D1894 /* Resources */ = {
			isa = PBXGroup;
			children = (
				56F5A811143EC5CB00478651 /* specs */,
				563BF7361440847D005A4F58 /* core */,
				563BF74514408BCC005A4F58 /* dotted_names */,
				563BF73A1440847D005A4F58 /* file_system */,
				563BF743144085A5005A4F58 /* handlebars */,
				56C1EDAB151E056900A473C7 /* deep_partials */,
				56C1EDAF151E0C8B00A473C7 /* deep_partials_ISOLatin1 */,
				56C1EDB0151E0C8B00A473C7 /* deep_partials_UTF8 */,
				565F6B23139FF13B004D1894 /* complex_view.mustache */,
				565F6B24139FF13B004D1894 /* crazy_recursive.mustache */,
				5679E08514F640460052A1ED /* foo_bar.mustache */,
				5679E08714F641F00052A1ED /* foo_bar.txt */,
				565F6B25139FF13B004D1894 /* inner_partial.mustache */,
				565F6B26139FF13B004D1894 /* inner_partial.txt */,
				565F6B27139FF13B004D1894 /* lambda.mustache */,
				565F6B28139FF13B004D1894 /* namespaced.mustache */,
				565F6B29139FF13B004D1894 /* nested_objects.mustache */,
				565F6B2A139FF13B004D1894 /* node.mustache */,
				565F6B2B139FF13B004D1894 /* partial_with_module.mustache */,
				565F6B2C139FF13B004D1894 /* passenger.conf */,
				565F6B2D139FF13B004D1894 /* recursive.mustache */,
				5672484113E020C60043E2FA /* syntax_error.conf */,
				565F6B2E139FF13B004D1894 /* template_partial.mustache */,
				565F6B2F139FF13B004D1894 /* template_partial.txt */,
				565F6B30139FF13B004D1894 /* utf8.mustache */,
				565F6B31139FF13B004D1894 /* utf8_partial.mustache */,
			);
			path = Resources;
			sourceTree = "<group>";
		};
		565F6B3F139FF13B004D1894 /* v1.0 */ = {
			isa = PBXGroup;
			children = (
				565F6B40139FF13B004D1894 /* GRBoolean_v1_0_Test.h */,
				565F6B41139FF13B004D1894 /* GRBoolean_v1_0_Test.m */,
				565F6B42139FF13B004D1894 /* GRDotKeyTest.h */,
				565F6B43139FF13B004D1894 /* GRDotKeyTest.m */,
				565F6B44139FF13B004D1894 /* GRMustacheLambdaMakeTest.h */,
				565F6B45139FF13B004D1894 /* GRMustacheLambdaMakeTest.m */,
				562901FC13A10C0800C92BB7 /* GRMustacheSpec_v1_0_Test.h */,
				562901FD13A10C0800C92BB7 /* GRMustacheSpec_v1_0_Test.m */,
				563BF7401440851B005A4F58 /* GRMustacheTestSuite_v1_0_Test.h */,
				563BF7411440851C005A4F58 /* GRMustacheTestSuite_v1_0_Test.m */,
				565F6B48139FF13B004D1894 /* GRMustacheTemplate_v1_0_Test.h */,
				565F6B49139FF13B004D1894 /* GRMustacheTemplate_v1_0_Test.m */,
				565F6B4A139FF13B004D1894 /* GRMustacheTemplateLoaderSubclassTest.h */,
				565F6B4B139FF13B004D1894 /* GRMustacheTemplateLoaderSubclassTest.m */,
				565F6B4C139FF13B004D1894 /* GRPartialTest.h */,
				565F6B4D139FF13B004D1894 /* GRPartialTest.m */,
			);
			path = v1.0;
			sourceTree = "<group>";
		};
		565F6B4E139FF13B004D1894 /* v1.1 */ = {
			isa = PBXGroup;
			children = (
				565F6B4F139FF13B004D1894 /* GRBoolean_v1_1_Test.h */,
				565F6B50139FF13B004D1894 /* GRBoolean_v1_1_Test.m */,
			);
			path = v1.1;
			sourceTree = "<group>";
		};
		565F6B51139FF13B004D1894 /* v1.3 */ = {
			isa = PBXGroup;
			children = (
				565F6B52139FF13B004D1894 /* GRMustacheLambdaBlockMakeTest.h */,
				565F6B53139FF13B004D1894 /* GRMustacheLambdaBlockMakeTest.m */,
				565F6B54139FF13B004D1894 /* GRMustacheSelectorHelper_v1_3_Test.h */,
				565F6B55139FF13B004D1894 /* GRMustacheSelectorHelper_v1_3_Test.m */,
			);
			path = v1.3;
			sourceTree = "<group>";
		};
		565F6B56139FF13B004D1894 /* v1.4 */ = {
			isa = PBXGroup;
			children = (
				5629020013A10C3C00C92BB7 /* GRMustacheTestSuite_v1_4_Test.h */,
				5629020113A10C3C00C92BB7 /* GRMustacheTestSuite_v1_4_Test.m */,
				565F6B59139FF13B004D1894 /* GRMustacheTemplate_v1_4_Test.h */,
				565F6B5A139FF13B004D1894 /* GRMustacheTemplate_v1_4_Test.m */,
			);
			path = v1.4;
			sourceTree = "<group>";
		};
		565F6B5B139FF13B004D1894 /* v1.5 */ = {
			isa = PBXGroup;
			children = (
				565F6B5C139FF13B004D1894 /* GRMustacheBlockHelperTest.h */,
				565F6B5D139FF13B004D1894 /* GRMustacheBlockHelperTest.m */,
				565F6B5E139FF13B004D1894 /* GRMustacheSelectorHelper_v1_5_Test.h */,
				565F6B5F139FF13B004D1894 /* GRMustacheSelectorHelper_v1_5_Test.m */,
			);
			path = v1.5;
			sourceTree = "<group>";
		};
		5672484613E02F0B0043E2FA /* v1.7 */ = {
			isa = PBXGroup;
			children = (
				5672484A13E02F430043E2FA /* GRManagedObjectTest.h */,
				5672484B13E02F430043E2FA /* GRManagedObjectTest.m */,
				5672484713E02F0B0043E2FA /* GRMustacheTemplate_v1_7_Test.h */,
				5672484813E02F0B0043E2FA /* GRMustacheTemplate_v1_7_Test.m */,
				5672484C13E02F430043E2FA /* Model.xcdatamodeld */,
			);
			path = v1.7;
			sourceTree = "<group>";
		};
		5679E08114F63CD80052A1ED /* v1.11 */ = {
			isa = PBXGroup;
			children = (
				5679E08214F63CFF0052A1ED /* GRMustacheTemplateFromMethodsTest.h */,
				5679E08314F63CFF0052A1ED /* GRMustacheTemplateFromMethodsTest.m */,
			);
			path = v1.11;
			sourceTree = "<group>";
		};
		56C1EDA7151E03AF00A473C7 /* v1.13 */ = {
			isa = PBXGroup;
			children = (
				56C1EDA8151E03E200A473C7 /* GRMustacheTemplateRepositoryWithBaseURLTest.h */,
				56C1EDA9151E03E200A473C7 /* GRMustacheTemplateRepositoryWithBaseURLTest.m */,
			);
			path = v1.13;
			sourceTree = "<group>";
		};
		56D880ED14CDE9A600AB3CE4 /* v1.9 */ = {
			isa = PBXGroup;
			children = (
				56D880EF14CDE9DF00AB3CE4 /* GRMustacheHelperTest.h */,
				56D880F014CDE9DF00AB3CE4 /* GRMustacheHelperTest.m */,
				56D8810314CE87E000AB3CE4 /* GRMustacheNumberFormatterHelperTest.h */,
				56D8810414CE87E000AB3CE4 /* GRMustacheNumberFormatterHelperTest.m */,
				56A9234914CEBD2600204EB8 /* GRMustacheDateFormatterHelperTest.h */,
				56A9234A14CEBD2600204EB8 /* GRMustacheDateFormatterHelperTest.m */,
			);
			path = v1.9;
			sourceTree = "<group>";
		};
		56D880FE14CE85BE00AB3CE4 /* Utils */ = {
			isa = PBXGroup;
			children = (
				56A9234214CEBBFD00204EB8 /* GRMustacheUtils.h */,
				56D880FF14CE85E600AB3CE4 /* GRMustacheNumberFormatterHelper.h */,
				56D8810014CE85E600AB3CE4 /* GRMustacheNumberFormatterHelper.m */,
				56A9234514CEBC5300204EB8 /* GRMustacheDateFormatterHelper.h */,
				56A9234614CEBC5300204EB8 /* GRMustacheDateFormatterHelper.m */,
			);
			name = Utils;
			sourceTree = "<group>";
		};
		56E29A6213BC3C59006336DB /* Abstract Tree */ = {
			isa = PBXGroup;
			children = (
				565F6962139FF062004D1894 /* GRMustacheSection.h */,
				565F6964139FF062004D1894 /* GRMustacheSection_private.h */,
				565F6963139FF062004D1894 /* GRMustacheSection.m */,
				565F6965139FF062004D1894 /* GRMustacheTemplate.h */,
				565F6967139FF062004D1894 /* GRMustacheTemplate_private.h */,
				565F6966139FF062004D1894 /* GRMustacheTemplate.m */,
				565F696F139FF062004D1894 /* GRMustacheTextElement_private.h */,
				565F696E139FF062004D1894 /* GRMustacheTextElement.m */,
				565F6975139FF062004D1894 /* GRMustacheVariableElement_private.h */,
				565F6974139FF062004D1894 /* GRMustacheVariableElement.m */,
			);
			name = "Abstract Tree";
			sourceTree = "<group>";
		};
		56E29A6413BC3C62006336DB /* Loading */ = {
			isa = PBXGroup;
			children = (
				565F6968139FF062004D1894 /* GRMustacheTemplateLoader.h */,
				565F696B139FF062004D1894 /* GRMustacheTemplateLoader_protected.h */,
				56C1ED98151DE4FE00A473C7 /* GRMustacheTemplateLoader_private.h */,
				565F6969139FF062004D1894 /* GRMustacheTemplateLoader.m */,
				56C1ED92151DCF3900A473C7 /* GRMustacheTemplateRepository.h */,
				56C1ED96151DD3B300A473C7 /* GRMustacheTemplateRepository_private.h */,
				56C1ED93151DCF3900A473C7 /* GRMustacheTemplateRepository.m */,
			);
			name = Loading;
			sourceTree = "<group>";
		};
		56E29A6513BC3C6C006336DB /* Parsing */ = {
			isa = PBXGroup;
			children = (
				565F696D139FF062004D1894 /* GRMustacheTemplateParser_private.h */,
				565F696C139FF062004D1894 /* GRMustacheTemplateParser.m */,
				565F6971139FF062004D1894 /* GRMustacheToken_private.h */,
				565F6970139FF062004D1894 /* GRMustacheToken.m */,
				565F6973139FF062004D1894 /* GRMustacheTokenizer_private.h */,
				565F6972139FF062004D1894 /* GRMustacheTokenizer.m */,
			);
			name = Parsing;
			sourceTree = "<group>";
		};
		56E29A6613BC3C76006336DB /* Rendering */ = {
			isa = PBXGroup;
			children = (
				565F6955139FF062004D1894 /* GRMustacheContext.h */,
				565F6957139FF062004D1894 /* GRMustacheContext_private.h */,
				565F6956139FF062004D1894 /* GRMustacheContext.m */,
				56E540AD1503CAD1002F5D6E /* GRMustacheInvocation.h */,
				5643505414EC42C200D7C00D /* GRMustacheInvocation_private.h */,
				5643505514EC42C200D7C00D /* GRMustacheInvocation.m */,
				565F695C139FF062004D1894 /* GRMustacheLambda.h */,
				565F695E139FF062004D1894 /* GRMustacheLambda_private.h */,
				565F695D139FF062004D1894 /* GRMustacheLambda.m */,
				563BF6CC14403FE1005A4F58 /* GRMustacheNSUndefinedKeyExceptionGuard_private.h */,
				563BF6CD14403FE1005A4F58 /* GRMustacheNSUndefinedKeyExceptionGuard.m */,
				563BF6C814403D06005A4F58 /* GRMustacheProperty_private.h */,
				563BF6C914403D06005A4F58 /* GRMustacheProperty.m */,
				565F6961139FF062004D1894 /* GRMustacheRendering_private.h */,
				56E540A61503AEA1002F5D6E /* GRMustacheTemplateDelegate.h */,
			);
			name = Rendering;
			sourceTree = "<group>";
		};
		56E540A91503C616002F5D6E /* v1.12 */ = {
			isa = PBXGroup;
			children = (
				56E540AA1503C6DB002F5D6E /* GRMustacheTemplateDelegateTest.h */,
				56E540AB1503C6DB002F5D6E /* GRMustacheTemplateDelegateTest.m */,
				56A24077150892500003843A /* GRMustacheInvocationDescriptionTest.h */,
				56A24078150892500003843A /* GRMustacheInvocationDescriptionTest.m */,
			);
			path = v1.12;
			sourceTree = "<group>";
		};
		56F5A811143EC5CB00478651 /* specs */ = {
			isa = PBXGroup;
			children = (
				56F5A813143EC5CB00478651 /* comments.yml */,
				56F5A815143EC5CB00478651 /* delimiters.yml */,
				56F5A817143EC5CB00478651 /* interpolation.yml */,
				56F5A819143EC5CB00478651 /* inverted.yml */,
				56F5A81B143EC5CB00478651 /* partials.yml */,
				56F5A81D143EC5CB00478651 /* sections.yml */,
			);
			name = specs;
			path = Tests/spec/specs;
			sourceTree = SOURCE_ROOT;
		};
/* End PBXGroup section */

/* Begin PBXHeadersBuildPhase section */
		565F691A139FF016004D1894 /* Headers */ = {
			isa = PBXHeadersBuildPhase;
			buildActionMask = 2147483647;
			files = (
				565F6978139FF062004D1894 /* GRBoolean.h in Headers */,
				565F697A139FF062004D1894 /* GRMustache.h in Headers */,
				565F6981139FF062004D1894 /* GRMustacheContext.h in Headers */,
				5651A82413B5B2CE0035E783 /* GRMustacheEnvironment.h in Headers */,
				565F6986139FF062004D1894 /* GRMustacheError.h in Headers */,
				565F6988139FF062004D1894 /* GRMustacheLambda.h in Headers */,
				565F698E139FF062004D1894 /* GRMustacheSection.h in Headers */,
				565F6991139FF062004D1894 /* GRMustacheTemplate.h in Headers */,
				565F6994139FF062004D1894 /* GRMustacheTemplateLoader.h in Headers */,
				565F6997139FF062004D1894 /* GRMustacheTemplateLoader_protected.h in Headers */,
				565F69A2139FF062004D1894 /* GRMustacheVersion.h in Headers */,
				565F697C139FF062004D1894 /* GRMustache_private.h in Headers */,
				56D8810114CE85E600AB3CE4 /* GRMustacheNumberFormatterHelper.h in Headers */,
				56A9234314CEBBFD00204EB8 /* GRMustacheUtils.h in Headers */,
				565F6983139FF062004D1894 /* GRMustacheContext_private.h in Headers */,
				565F698A139FF062004D1894 /* GRMustacheLambda_private.h in Headers */,
				565F698D139FF062004D1894 /* GRMustacheRendering_private.h in Headers */,
				565F6990139FF062004D1894 /* GRMustacheSection_private.h in Headers */,
				565F6993139FF062004D1894 /* GRMustacheTemplate_private.h in Headers */,
				565F6999139FF062004D1894 /* GRMustacheTemplateParser_private.h in Headers */,
				565F699B139FF062004D1894 /* GRMustacheTextElement_private.h in Headers */,
				565F699D139FF062004D1894 /* GRMustacheToken_private.h in Headers */,
				565F699F139FF062004D1894 /* GRMustacheTokenizer_private.h in Headers */,
				565F69A1139FF062004D1894 /* GRMustacheVariableElement_private.h in Headers */,
				569C86701424A14F00D6BC77 /* GRBoolean_private.h in Headers */,
				563BF6C714403C47005A4F58 /* JRSwizzle.h in Headers */,
				563BF6CA14403D06005A4F58 /* GRMustacheProperty_private.h in Headers */,
				563BF6CE14403FE1005A4F58 /* GRMustacheNSUndefinedKeyExceptionGuard_private.h in Headers */,
				5663FC421441779400B60CEA /* GRMustacheAvailabilityMacros.h in Headers */,
				56A9234714CEBC5300204EB8 /* GRMustacheDateFormatterHelper.h in Headers */,
				5643505614EC42C200D7C00D /* GRMustacheInvocation_private.h in Headers */,
				5679E07914F632120052A1ED /* GRMustacheAvailabilityMacros_private.h in Headers */,
				56E540A71503AEA1002F5D6E /* GRMustacheTemplateDelegate.h in Headers */,
				56E540AE1503CAD1002F5D6E /* GRMustacheInvocation.h in Headers */,
				56C1ED94151DCF3900A473C7 /* GRMustacheTemplateRepository.h in Headers */,
				56C1ED97151DD3B300A473C7 /* GRMustacheTemplateRepository_private.h in Headers */,
				56C1ED99151DE4FE00A473C7 /* GRMustacheTemplateLoader_private.h in Headers */,
			);
			runOnlyForDeploymentPostprocessing = 0;
		};
/* End PBXHeadersBuildPhase section */

/* Begin PBXNativeTarget section */
		565F691B139FF016004D1894 /* GRMustache1 */ = {
			isa = PBXNativeTarget;
			buildConfigurationList = 565F693F139FF017004D1894 /* Build configuration list for PBXNativeTarget "GRMustache1" */;
			buildPhases = (
				565F6918139FF016004D1894 /* Sources */,
				565F6919139FF016004D1894 /* Frameworks */,
				565F691A139FF016004D1894 /* Headers */,
			);
			buildRules = (
			);
			dependencies = (
			);
			name = GRMustache1;
			productName = "GRMustache1-macosx";
			productReference = 565F691C139FF016004D1894 /* libGRMustache1.a */;
			productType = "com.apple.product-type.library.static";
		};
		565F6928139FF017004D1894 /* GRMustache1Tests */ = {
			isa = PBXNativeTarget;
			buildConfigurationList = 565F6942139FF017004D1894 /* Build configuration list for PBXNativeTarget "GRMustache1Tests" */;
			buildPhases = (
				565F6924139FF017004D1894 /* Sources */,
				565F6925139FF017004D1894 /* Frameworks */,
				565F6926139FF017004D1894 /* Resources */,
				565F6927139FF017004D1894 /* ShellScript */,
			);
			buildRules = (
			);
			dependencies = (
				565F6930139FF017004D1894 /* PBXTargetDependency */,
			);
			name = GRMustache1Tests;
			productName = "GRMustache1-macosx-Tests";
			productReference = 565F6929139FF017004D1894 /* GRMustache1Tests.octest */;
			productType = "com.apple.product-type.bundle";
		};
/* End PBXNativeTarget section */

/* Begin PBXProject section */
		565F6913139FF016004D1894 /* Project object */ = {
			isa = PBXProject;
			attributes = {
				LastUpgradeCheck = 0430;
			};
			buildConfigurationList = 565F6916139FF016004D1894 /* Build configuration list for PBXProject "GRMustache1-macosx" */;
			compatibilityVersion = "Xcode 3.2";
			developmentRegion = English;
			hasScannedForEncodings = 0;
			knownRegions = (
				en,
			);
			mainGroup = 565F6911139FF016004D1894;
			productRefGroup = 565F691D139FF016004D1894 /* Products */;
			projectDirPath = "";
			projectRoot = "";
			targets = (
				565F691B139FF016004D1894 /* GRMustache1 */,
				565F6928139FF017004D1894 /* GRMustache1Tests */,
			);
		};
/* End PBXProject section */

/* Begin PBXResourcesBuildPhase section */
		565F6926139FF017004D1894 /* Resources */ = {
			isa = PBXResourcesBuildPhase;
			buildActionMask = 2147483647;
			files = (
				565F6BAB139FF13B004D1894 /* complex_view.mustache in Resources */,
				565F6BAC139FF13B004D1894 /* crazy_recursive.mustache in Resources */,
				565F6BAD139FF13B004D1894 /* inner_partial.mustache in Resources */,
				565F6BAE139FF13B004D1894 /* inner_partial.txt in Resources */,
				565F6BAF139FF13B004D1894 /* lambda.mustache in Resources */,
				565F6BB0139FF13B004D1894 /* namespaced.mustache in Resources */,
				565F6BB1139FF13B004D1894 /* nested_objects.mustache in Resources */,
				565F6BB2139FF13B004D1894 /* node.mustache in Resources */,
				565F6BB3139FF13B004D1894 /* partial_with_module.mustache in Resources */,
				565F6BB4139FF13B004D1894 /* passenger.conf in Resources */,
				565F6BB5139FF13B004D1894 /* recursive.mustache in Resources */,
				565F6BB6139FF13B004D1894 /* template_partial.mustache in Resources */,
				565F6BB7139FF13B004D1894 /* template_partial.txt in Resources */,
				565F6BB8139FF13B004D1894 /* utf8.mustache in Resources */,
				565F6BB9139FF13B004D1894 /* utf8_partial.mustache in Resources */,
				5672484213E020C60043E2FA /* syntax_error.conf in Resources */,
				56F5A821143EC5CB00478651 /* comments.yml in Resources */,
				56F5A823143EC5CB00478651 /* delimiters.yml in Resources */,
				56F5A825143EC5CB00478651 /* interpolation.yml in Resources */,
				56F5A827143EC5CB00478651 /* inverted.yml in Resources */,
				56F5A829143EC5CB00478651 /* partials.yml in Resources */,
				56F5A82B143EC5CB00478651 /* sections.yml in Resources */,
				563BF73B1440847D005A4F58 /* core in Resources */,
				563BF73F1440847D005A4F58 /* file_system in Resources */,
				563BF744144085A5005A4F58 /* handlebars in Resources */,
				563BF74614408BCC005A4F58 /* dotted_names in Resources */,
				5679E08614F640460052A1ED /* foo_bar.mustache in Resources */,
				5679E08814F641F00052A1ED /* foo_bar.txt in Resources */,
				56C1EDAC151E056900A473C7 /* deep_partials in Resources */,
				56C1EDB1151E0C8B00A473C7 /* deep_partials_ISOLatin1 in Resources */,
				56C1EDB2151E0C8B00A473C7 /* deep_partials_UTF8 in Resources */,
			);
			runOnlyForDeploymentPostprocessing = 0;
		};
/* End PBXResourcesBuildPhase section */

/* Begin PBXShellScriptBuildPhase section */
		565F6927139FF017004D1894 /* ShellScript */ = {
			isa = PBXShellScriptBuildPhase;
			buildActionMask = 2147483647;
			files = (
			);
			inputPaths = (
			);
			outputPaths = (
			);
			runOnlyForDeploymentPostprocessing = 0;
			shellPath = /bin/sh;
			shellScript = "# Run the unit tests in this test bundle.\n\"${SYSTEM_DEVELOPER_DIR}/Tools/RunUnitTests\"\n";
		};
/* End PBXShellScriptBuildPhase section */

/* Begin PBXSourcesBuildPhase section */
		565F6918139FF016004D1894 /* Sources */ = {
			isa = PBXSourcesBuildPhase;
			buildActionMask = 2147483647;
			files = (
				565F6979139FF062004D1894 /* GRBoolean.m in Sources */,
				565F697B139FF062004D1894 /* GRMustache.m in Sources */,
				565F6982139FF062004D1894 /* GRMustacheContext.m in Sources */,
				565F6987139FF062004D1894 /* GRMustacheError.m in Sources */,
				565F6989139FF062004D1894 /* GRMustacheLambda.m in Sources */,
				565F698F139FF062004D1894 /* GRMustacheSection.m in Sources */,
				565F6992139FF062004D1894 /* GRMustacheTemplate.m in Sources */,
				565F6995139FF062004D1894 /* GRMustacheTemplateLoader.m in Sources */,
				565F6998139FF062004D1894 /* GRMustacheTemplateParser.m in Sources */,
				565F699A139FF062004D1894 /* GRMustacheTextElement.m in Sources */,
				565F699C139FF062004D1894 /* GRMustacheToken.m in Sources */,
				565F699E139FF062004D1894 /* GRMustacheTokenizer.m in Sources */,
				565F69A0139FF062004D1894 /* GRMustacheVariableElement.m in Sources */,
				563BF6C614403C47005A4F58 /* JRSwizzle.m in Sources */,
				563BF6CB14403D06005A4F58 /* GRMustacheProperty.m in Sources */,
				563BF6CF14403FE1005A4F58 /* GRMustacheNSUndefinedKeyExceptionGuard.m in Sources */,
				56D8810214CE85E600AB3CE4 /* GRMustacheNumberFormatterHelper.m in Sources */,
				56A9234814CEBC5300204EB8 /* GRMustacheDateFormatterHelper.m in Sources */,
				5643505714EC42C200D7C00D /* GRMustacheInvocation.m in Sources */,
				56C1ED95151DCF3900A473C7 /* GRMustacheTemplateRepository.m in Sources */,
			);
			runOnlyForDeploymentPostprocessing = 0;
		};
		565F6924139FF017004D1894 /* Sources */ = {
			isa = PBXSourcesBuildPhase;
			buildActionMask = 2147483647;
			files = (
				565F6B66139FF13B004D1894 /* GRMustachePublicAPITest.m in Sources */,
				565F6B67139FF13B004D1894 /* GRMustacheTestBase.m in Sources */,
				565F6BA8139FF13B004D1894 /* GRBooleanTest.m in Sources */,
				565F6BA9139FF13B004D1894 /* GRMustacheContextTest.m in Sources */,
				565F6BAA139FF13B004D1894 /* GRMustacheTokenizerTest.m in Sources */,
				565F6BBF139FF13B004D1894 /* GRBoolean_v1_0_Test.m in Sources */,
				565F6BC0139FF13B004D1894 /* GRDotKeyTest.m in Sources */,
				565F6BC1139FF13B004D1894 /* GRMustacheLambdaMakeTest.m in Sources */,
				565F6BC3139FF13B004D1894 /* GRMustacheTemplate_v1_0_Test.m in Sources */,
				565F6BC4139FF13B004D1894 /* GRMustacheTemplateLoaderSubclassTest.m in Sources */,
				565F6BC5139FF13B004D1894 /* GRPartialTest.m in Sources */,
				565F6BC6139FF13B004D1894 /* GRBoolean_v1_1_Test.m in Sources */,
				565F6BC7139FF13B004D1894 /* GRMustacheLambdaBlockMakeTest.m in Sources */,
				565F6BC8139FF13B004D1894 /* GRMustacheSelectorHelper_v1_3_Test.m in Sources */,
				565F6BCA139FF13B004D1894 /* GRMustacheTemplate_v1_4_Test.m in Sources */,
				565F6BCB139FF13B004D1894 /* GRMustacheBlockHelperTest.m in Sources */,
				565F6BCC139FF13B004D1894 /* GRMustacheSelectorHelper_v1_5_Test.m in Sources */,
				562901FE13A10C0800C92BB7 /* GRMustacheSpec_v1_0_Test.m in Sources */,
				5629020213A10C3C00C92BB7 /* GRMustacheTestSuite_v1_4_Test.m in Sources */,
				5629021013A10CA400C92BB7 /* GSNSDataExtensions.m in Sources */,
				5629021213A10CA400C92BB7 /* SyckInput.m in Sources */,
				5629021313A10CA400C92BB7 /* YAMLCategories.m in Sources */,
				5629021413A10CA400C92BB7 /* YAMLCocoaCategories.m in Sources */,
				5672484913E02F0B0043E2FA /* GRMustacheTemplate_v1_7_Test.m in Sources */,
				5672484E13E02F430043E2FA /* GRManagedObjectTest.m in Sources */,
				5672484F13E02F430043E2FA /* Model.xcdatamodeld in Sources */,
				563BF72A1440696B005A4F58 /* GRMustachePrivateAPITest.m in Sources */,
				563BF7421440851E005A4F58 /* GRMustacheTestSuite_v1_0_Test.m in Sources */,
				563BF74A14408C21005A4F58 /* GRMustacheTestSuite_v1_8_Test.m in Sources */,
				563BF74D1440A381005A4F58 /* GRMustacheDefaultTemplateOptionsTest.m in Sources */,
				56D880F114CDE9DF00AB3CE4 /* GRMustacheHelperTest.m in Sources */,
				56D8810514CE87E000AB3CE4 /* GRMustacheNumberFormatterHelperTest.m in Sources */,
				56A9234B14CEBD2600204EB8 /* GRMustacheDateFormatterHelperTest.m in Sources */,
				5679E08414F63CFF0052A1ED /* GRMustacheTemplateFromMethodsTest.m in Sources */,
				56E540AC1503C6DB002F5D6E /* GRMustacheTemplateDelegateTest.m in Sources */,
				56A24079150892500003843A /* GRMustacheInvocationDescriptionTest.m in Sources */,
				56C1EDAA151E03E200A473C7 /* GRMustacheTemplateRepositoryWithBaseURLTest.m in Sources */,
			);
			runOnlyForDeploymentPostprocessing = 0;
		};
/* End PBXSourcesBuildPhase section */

/* Begin PBXTargetDependency section */
		565F6930139FF017004D1894 /* PBXTargetDependency */ = {
			isa = PBXTargetDependency;
			target = 565F691B139FF016004D1894 /* GRMustache1 */;
			targetProxy = 565F692F139FF017004D1894 /* PBXContainerItemProxy */;
		};
/* End PBXTargetDependency section */

/* Begin XCBuildConfiguration section */
		565F693D139FF017004D1894 /* Debug */ = {
			isa = XCBuildConfiguration;
			buildSettings = {
				ARCHS = "$(ARCHS_STANDARD_32_64_BIT)";
				GCC_C_LANGUAGE_STANDARD = gnu99;
				GCC_OPTIMIZATION_LEVEL = 0;
				GCC_PREPROCESSOR_DEFINITIONS = DEBUG;
				GCC_SYMBOLS_PRIVATE_EXTERN = NO;
				GCC_WARN_ABOUT_RETURN_TYPE = YES;
				GCC_WARN_UNUSED_VARIABLE = YES;
				IPHONEOS_DEPLOYMENT_TARGET = 4.3;
				SDKROOT = macosx;
			};
			name = Debug;
		};
		565F693E139FF017004D1894 /* Release */ = {
			isa = XCBuildConfiguration;
			buildSettings = {
				ARCHS = "$(ARCHS_STANDARD_32_64_BIT)";
				GCC_C_LANGUAGE_STANDARD = gnu99;
				GCC_WARN_ABOUT_RETURN_TYPE = YES;
				GCC_WARN_UNUSED_VARIABLE = YES;
				IPHONEOS_DEPLOYMENT_TARGET = 4.3;
				SDKROOT = macosx;
			};
			name = Release;
		};
		565F6940139FF017004D1894 /* Debug */ = {
			isa = XCBuildConfiguration;
			buildSettings = {
				ALWAYS_SEARCH_USER_PATHS = NO;
				DSTROOT = /tmp/GRMustache1.dst;
				GCC_PRECOMPILE_PREFIX_HEADER = YES;
				LIBRARY_SEARCH_PATHS = (
					"$(inherited)",
					"\"$(SRCROOT)/Tests/syck\"",
				);
				MACOSX_DEPLOYMENT_TARGET = 10.6;
				OTHER_LDFLAGS = "-ObjC";
				PRIVATE_HEADERS_FOLDER_PATH = /include;
				PRODUCT_NAME = "$(TARGET_NAME)";
				PUBLIC_HEADERS_FOLDER_PATH = /include;
			};
			name = Debug;
		};
		565F6941139FF017004D1894 /* Release */ = {
			isa = XCBuildConfiguration;
			buildSettings = {
				ALWAYS_SEARCH_USER_PATHS = NO;
				DSTROOT = /tmp/GRMustache1.dst;
				GCC_PRECOMPILE_PREFIX_HEADER = YES;
				LIBRARY_SEARCH_PATHS = (
					"$(inherited)",
					"\"$(SRCROOT)/Tests/syck\"",
				);
				MACOSX_DEPLOYMENT_TARGET = 10.6;
				OTHER_LDFLAGS = "-ObjC";
				PRIVATE_HEADERS_FOLDER_PATH = /include;
				PRODUCT_NAME = "$(TARGET_NAME)";
				PUBLIC_HEADERS_FOLDER_PATH = /include;
			};
			name = Release;
		};
		565F6943139FF017004D1894 /* Debug */ = {
			isa = XCBuildConfiguration;
			buildSettings = {
				ALWAYS_SEARCH_USER_PATHS = NO;
				ARCHS = "$(ARCHS_STANDARD_64_BIT)";
				FRAMEWORK_SEARCH_PATHS = "$(DEVELOPER_LIBRARY_DIR)/Frameworks";
				GCC_PRECOMPILE_PREFIX_HEADER = YES;
				INFOPLIST_FILE = "Tests/GRMustache1Tests-Info.plist";
				LIBRARY_SEARCH_PATHS = (
					"$(inherited)",
					"\"$(SRCROOT)/Tests/syck\"",
				);
				OTHER_LDFLAGS = (
					"-framework",
					SenTestingKit,
					"-all_load",
				);
				PRODUCT_NAME = "$(TARGET_NAME)";
				WRAPPER_EXTENSION = octest;
			};
			name = Debug;
		};
		565F6944139FF017004D1894 /* Release */ = {
			isa = XCBuildConfiguration;
			buildSettings = {
				ALWAYS_SEARCH_USER_PATHS = NO;
				ARCHS = "$(ARCHS_STANDARD_64_BIT)";
				FRAMEWORK_SEARCH_PATHS = "$(DEVELOPER_LIBRARY_DIR)/Frameworks";
				GCC_PRECOMPILE_PREFIX_HEADER = YES;
				INFOPLIST_FILE = "Tests/GRMustache1Tests-Info.plist";
				LIBRARY_SEARCH_PATHS = (
					"$(inherited)",
					"\"$(SRCROOT)/Tests/syck\"",
				);
				OTHER_LDFLAGS = (
					"-framework",
					SenTestingKit,
					"-all_load",
				);
				PRODUCT_NAME = "$(TARGET_NAME)";
				WRAPPER_EXTENSION = octest;
			};
			name = Release;
		};
/* End XCBuildConfiguration section */

/* Begin XCConfigurationList section */
		565F6916139FF016004D1894 /* Build configuration list for PBXProject "GRMustache1-macosx" */ = {
			isa = XCConfigurationList;
			buildConfigurations = (
				565F693D139FF017004D1894 /* Debug */,
				565F693E139FF017004D1894 /* Release */,
			);
			defaultConfigurationIsVisible = 0;
			defaultConfigurationName = Release;
		};
		565F693F139FF017004D1894 /* Build configuration list for PBXNativeTarget "GRMustache1" */ = {
			isa = XCConfigurationList;
			buildConfigurations = (
				565F6940139FF017004D1894 /* Debug */,
				565F6941139FF017004D1894 /* Release */,
			);
			defaultConfigurationIsVisible = 0;
			defaultConfigurationName = Release;
		};
		565F6942139FF017004D1894 /* Build configuration list for PBXNativeTarget "GRMustache1Tests" */ = {
			isa = XCConfigurationList;
			buildConfigurations = (
				565F6943139FF017004D1894 /* Debug */,
				565F6944139FF017004D1894 /* Release */,
			);
			defaultConfigurationIsVisible = 0;
			defaultConfigurationName = Release;
		};
/* End XCConfigurationList section */

/* Begin XCVersionGroup section */
		5672484C13E02F430043E2FA /* Model.xcdatamodeld */ = {
			isa = XCVersionGroup;
			children = (
				5672484D13E02F430043E2FA /* Model.xcdatamodel */,
			);
			currentVersion = 5672484D13E02F430043E2FA /* Model.xcdatamodel */;
			path = Model.xcdatamodeld;
			sourceTree = "<group>";
			versionGroupType = wrapper.xcdatamodel;
		};
/* End XCVersionGroup section */
	};
	rootObject = 565F6913139FF016004D1894 /* Project object */;
}
